PODS:
  - FlutterMacOS (1.0.0)
  - libserialport_plus (0.0.1):
    - FlutterMacOS

DEPENDENCIES:
  - FlutterMacOS (from `Flutter/ephemeral`)
  - libserialport_plus (from `Flutter/ephemeral/.symlinks/plugins/libserialport_plus/macos`)

EXTERNAL SOURCES:
  FlutterMacOS:
    :path: Flutter/ephemeral
  libserialport_plus:
    :path: Flutter/ephemeral/.symlinks/plugins/libserialport_plus/macos

SPEC CHECKSUMS:
  FlutterMacOS: d0db08ddef1a9af05a5ec4b724367152bb0500b1
  libserialport_plus: 8c65a00a7613289a7839f8407d78cf822b32d45a

PODFILE CHECKSUM: e62bca045a971dff7fd1120c0fdc80e706ca6e5a

COCOAPODS: 1.16.2
