[[tools."aqua:suzuki-shunsuke/tfcmt"]]
version = "4.14.12"
backend = "aqua:suzuki-shunsuke/tfcmt"

[[tools.biome]]
version = "2.3.5"
backend = "aqua:biomejs/biome"

[[tools.flutter]]
version = "3.38.1-stable"
backend = "asdf:flutter"

[[tools."gem:cocoapods"]]
version = "1.16.2"
backend = "gem:cocoapods"

[[tools.java]]
version = "25.0.1"
backend = "core:java"

[[tools.node]]
version = "25.2.0"
backend = "core:node"

[[tools."pipx:codemagic-cli-tools"]]
version = "0.62.1"
backend = "pipx:codemagic-cli-tools"

[[tools.pnpm]]
version = "10.22.0"
backend = "aqua:pnpm/pnpm"

[[tools.ruby]]
version = "3.4.7"
backend = "core:ruby"

[[tools.tflint]]
version = "0.59.1"
backend = "aqua:terraform-linters/tflint"

[[tools.uv]]
version = "0.9.9"
backend = "aqua:astral-sh/uv"

[[tools.websocat]]
version = "1.14.0"
backend = "aqua:vi/websocat"

[[tools.xcbeautify]]
version = "3.1.0"
backend = "aqua:cpisciotta/xcbeautify"
