# @generated - this file is auto-generated by `mise lock` https://mise.jdx.dev/dev-tools/mise-lock.html

[[tools.actionlint]]
version = "1.7.11"
backend = "aqua:rhysd/actionlint"

[tools.actionlint."platforms.linux-arm64"]
checksum = "sha256:21bc0dfb57a913fe175298c2a9e906ee630f747cb66d0a934d0d4b69f4ee1235"
url = "https://github.com/rhysd/actionlint/releases/download/v1.7.11/actionlint_1.7.11_linux_arm64.tar.gz"

[tools.actionlint."platforms.linux-arm64-musl"]
checksum = "sha256:21bc0dfb57a913fe175298c2a9e906ee630f747cb66d0a934d0d4b69f4ee1235"
url = "https://github.com/rhysd/actionlint/releases/download/v1.7.11/actionlint_1.7.11_linux_arm64.tar.gz"

[tools.actionlint."platforms.linux-x64"]
checksum = "sha256:900919a84f2229bac68ca9cd4103ea297abc35e9689ebb842c6e34a3d1b01b0a"
url = "https://github.com/rhysd/actionlint/releases/download/v1.7.11/actionlint_1.7.11_linux_amd64.tar.gz"

[tools.actionlint."platforms.linux-x64-musl"]
checksum = "sha256:900919a84f2229bac68ca9cd4103ea297abc35e9689ebb842c6e34a3d1b01b0a"
url = "https://github.com/rhysd/actionlint/releases/download/v1.7.11/actionlint_1.7.11_linux_amd64.tar.gz"

[tools.actionlint."platforms.macos-arm64"]
checksum = "sha256:a21ba7366d8329e7223faee0ed69eb13da27fe8acabb356bb7eb0b7f1e1cb6d8"
url = "https://github.com/rhysd/actionlint/releases/download/v1.7.11/actionlint_1.7.11_darwin_arm64.tar.gz"

[tools.actionlint."platforms.macos-x64"]
checksum = "sha256:17ffc17fed8f0258ef6ad4aed932d3272464c7ef7d64e1cb0d65aa97c9752107"
url = "https://github.com/rhysd/actionlint/releases/download/v1.7.11/actionlint_1.7.11_darwin_amd64.tar.gz"

[tools.actionlint."platforms.windows-x64"]
checksum = "sha256:5414b7124a91f4b5abee62e5c9d84802237734f8d15b9b7032732a32c3ebffa3"
url = "https://github.com/rhysd/actionlint/releases/download/v1.7.11/actionlint_1.7.11_windows_amd64.zip"

[[tools."aqua:suzuki-shunsuke/tfcmt"]]
version = "4.14.15"
backend = "aqua:suzuki-shunsuke/tfcmt"

[tools."aqua:suzuki-shunsuke/tfcmt"."platforms.linux-arm64"]
checksum = "sha256:af482aa30f8e2ae5bfad5492ddd707d329c1801eac247a6ff6613c08f3b338c4"
url = "https://github.com/suzuki-shunsuke/tfcmt/releases/download/v4.14.15/tfcmt_linux_arm64.tar.gz"
provenance = "slsa"

[tools."aqua:suzuki-shunsuke/tfcmt"."platforms.linux-arm64-musl"]
checksum = "sha256:af482aa30f8e2ae5bfad5492ddd707d329c1801eac247a6ff6613c08f3b338c4"
url = "https://github.com/suzuki-shunsuke/tfcmt/releases/download/v4.14.15/tfcmt_linux_arm64.tar.gz"
provenance = "slsa"

[tools."aqua:suzuki-shunsuke/tfcmt"."platforms.linux-x64"]
checksum = "sha256:40b37fa7ca201856759d2fe85ec571368b7dbfed6ff32a79fff0de3d355f84aa"
url = "https://github.com/suzuki-shunsuke/tfcmt/releases/download/v4.14.15/tfcmt_linux_amd64.tar.gz"
provenance = "slsa"

[tools."aqua:suzuki-shunsuke/tfcmt"."platforms.linux-x64-musl"]
checksum = "sha256:40b37fa7ca201856759d2fe85ec571368b7dbfed6ff32a79fff0de3d355f84aa"
url = "https://github.com/suzuki-shunsuke/tfcmt/releases/download/v4.14.15/tfcmt_linux_amd64.tar.gz"
provenance = "slsa"

[tools."aqua:suzuki-shunsuke/tfcmt"."platforms.macos-arm64"]
checksum = "sha256:b33ca934a7f2a35d1729963ef84a02b72ebfd4fe2b32406295265307cd7e96f0"
url = "https://github.com/suzuki-shunsuke/tfcmt/releases/download/v4.14.15/tfcmt_darwin_arm64.tar.gz"
provenance = "slsa"

[tools."aqua:suzuki-shunsuke/tfcmt"."platforms.macos-x64"]
checksum = "sha256:ad8aea123e6998b2af42bf351aac7a74b835f6eccad7e1354e6e7da94a4e1fff"
url = "https://github.com/suzuki-shunsuke/tfcmt/releases/download/v4.14.15/tfcmt_darwin_amd64.tar.gz"
provenance = "slsa"

[tools."aqua:suzuki-shunsuke/tfcmt"."platforms.windows-x64"]
checksum = "sha256:3dd936f59d888a4eefce850615aa22e2ad27f6aa58e03a19ebfc0e4d5eb4e2ab"
url = "https://github.com/suzuki-shunsuke/tfcmt/releases/download/v4.14.15/tfcmt_windows_amd64.tar.gz"
provenance = "slsa"

[[tools.biome]]
version = "2.4.6"
backend = "aqua:biomejs/biome"

[tools.biome."platforms.linux-arm64"]
checksum = "sha256:2da0b8d028e77f778900ac84e1d44bbc70332da9ffdae3ec3aa04355f339fa7a"
url = "https://github.com/biomejs/biome/releases/download/%40biomejs/biome%402.4.6/biome-linux-arm64"

[tools.biome."platforms.linux-arm64-musl"]
checksum = "sha256:2da0b8d028e77f778900ac84e1d44bbc70332da9ffdae3ec3aa04355f339fa7a"
url = "https://github.com/biomejs/biome/releases/download/%40biomejs/biome%402.4.6/biome-linux-arm64"

[tools.biome."platforms.linux-x64"]
checksum = "sha256:6bc192f1f0b3495443472d95bd4dbfc9372c17f7ac51256d635192ca525da59d"
url = "https://github.com/biomejs/biome/releases/download/%40biomejs/biome%402.4.6/biome-linux-x64"

[tools.biome."platforms.linux-x64-musl"]
checksum = "sha256:6bc192f1f0b3495443472d95bd4dbfc9372c17f7ac51256d635192ca525da59d"
url = "https://github.com/biomejs/biome/releases/download/%40biomejs/biome%402.4.6/biome-linux-x64"

[tools.biome."platforms.macos-arm64"]
checksum = "sha256:8452b1175f297b69c5b71fe3bd044b381a78c812d7c0f437638fcb3a325973c9"
url = "https://github.com/biomejs/biome/releases/download/%40biomejs/biome%402.4.6/biome-darwin-arm64"

[tools.biome."platforms.macos-x64"]
checksum = "sha256:169f3f31d1bd8be09f184eca55184e71d0449ef57c79ea56d0202358709431fb"
url = "https://github.com/biomejs/biome/releases/download/%40biomejs/biome%402.4.6/biome-darwin-x64"

[tools.biome."platforms.windows-x64"]
checksum = "sha256:4c1d9cb0a2d9442ff7ffdf3bd07654e5a8bb24f2236f596d0cc414653bbf91d5"
url = "https://github.com/biomejs/biome/releases/download/%40biomejs/biome%402.4.6/biome-win32-x64.exe"

[[tools.firebase]]
version = "15.10.1"
backend = "aqua:firebase/firebase-tools"

[tools.firebase."platforms.linux-x64"]
checksum = "sha256:a5b7db1e8403fb40014b603f33e65e7720b7cbe031e1717e707db654397100c5"
url = "https://github.com/firebase/firebase-tools/releases/download/v15.10.1/firebase-tools-linux"

[tools.firebase."platforms.linux-x64-musl"]
checksum = "sha256:a5b7db1e8403fb40014b603f33e65e7720b7cbe031e1717e707db654397100c5"
url = "https://github.com/firebase/firebase-tools/releases/download/v15.10.1/firebase-tools-linux"

[tools.firebase."platforms.macos-arm64"]
checksum = "sha256:be9a0939297d792a6c6042af7f4638aba5e725c1a90e8fb5c3f66aa3251fa7b9"
url = "https://github.com/firebase/firebase-tools/releases/download/v15.10.1/firebase-tools-macos"

[tools.firebase."platforms.macos-x64"]
checksum = "sha256:be9a0939297d792a6c6042af7f4638aba5e725c1a90e8fb5c3f66aa3251fa7b9"
url = "https://github.com/firebase/firebase-tools/releases/download/v15.10.1/firebase-tools-macos"

[tools.firebase."platforms.windows-x64"]
checksum = "sha256:3ef5f3b61f60af28b814d9a1c76b0c58b499206093c31a3c4f622954391055b3"
url = "https://github.com/firebase/firebase-tools/releases/download/v15.10.1/firebase-tools-win.exe"

[[tools.flutter]]
version = "3.41.4-stable"
backend = "asdf:flutter"

[[tools.gcloud]]
version = "561.0.0"
backend = "vfox:gcloud"

[[tools."github:YumNumm/google-play-cli"]]
version = "1.0.0"
backend = "github:YumNumm/google-play-cli"

[tools."github:YumNumm/google-play-cli"."platforms.linux-arm64"]
checksum = "sha256:b84b950b0940fce1d08108c902e27a50c35b1b705f6c3a181e7b32ab6acb05c5"
url = "https://github.com/YumNumm/google-play-cli/releases/download/v1.0.0/google-play-cli_linux_arm64"
url_api = "https://api.github.com/repos/YumNumm/google-play-cli/releases/assets/370319973"

[tools."github:YumNumm/google-play-cli"."platforms.linux-arm64-musl"]
checksum = "sha256:b84b950b0940fce1d08108c902e27a50c35b1b705f6c3a181e7b32ab6acb05c5"
url = "https://github.com/YumNumm/google-play-cli/releases/download/v1.0.0/google-play-cli_linux_arm64"
url_api = "https://api.github.com/repos/YumNumm/google-play-cli/releases/assets/370319973"

[tools."github:YumNumm/google-play-cli"."platforms.linux-x64"]
checksum = "sha256:2b57adc509d1ba44e1354432d363c77030e02c8b13c6014d669d7145f3757035"
url = "https://github.com/YumNumm/google-play-cli/releases/download/v1.0.0/google-play-cli_linux_amd64"
url_api = "https://api.github.com/repos/YumNumm/google-play-cli/releases/assets/370319972"

[tools."github:YumNumm/google-play-cli"."platforms.linux-x64-musl"]
checksum = "sha256:2b57adc509d1ba44e1354432d363c77030e02c8b13c6014d669d7145f3757035"
url = "https://github.com/YumNumm/google-play-cli/releases/download/v1.0.0/google-play-cli_linux_amd64"
url_api = "https://api.github.com/repos/YumNumm/google-play-cli/releases/assets/370319972"

[tools."github:YumNumm/google-play-cli"."platforms.macos-arm64"]
checksum = "sha256:fc967a50915d24521d7c6292f09c8a075c86716803c2374d879adf4e8db7c2c7"
url = "https://github.com/YumNumm/google-play-cli/releases/download/v1.0.0/google-play-cli_darwin_arm64"
url_api = "https://api.github.com/repos/YumNumm/google-play-cli/releases/assets/370319974"

[tools."github:YumNumm/google-play-cli"."platforms.macos-x64"]
checksum = "sha256:94eb8688ea33999e8b891bb2a2bda3d1b30d8671eeb9d779b512fab44ae88e8a"
url = "https://github.com/YumNumm/google-play-cli/releases/download/v1.0.0/google-play-cli_darwin_amd64"
url_api = "https://api.github.com/repos/YumNumm/google-play-cli/releases/assets/370319976"

[tools."github:YumNumm/google-play-cli"."platforms.windows-x64"]
checksum = "sha256:9c18b0cd86f8b13a2450c7460a979cdb546804c5bd4d3ceebe05377dca8e1a2e"
url = "https://github.com/YumNumm/google-play-cli/releases/download/v1.0.0/google-play-cli_windows_amd64.exe"
url_api = "https://api.github.com/repos/YumNumm/google-play-cli/releases/assets/370319988"

[[tools.java]]
version = "17.0.2"
backend = "core:java"

[[tools.node]]
version = "24.14.0"
backend = "core:node"

[tools.node."platforms.linux-arm64"]
checksum = "sha256:f44740cd218de8127f1c44c41510a3a740fa5c9c8d1cdce1c3bedada79f3cde7"
url = "https://nodejs.org/dist/v24.14.0/node-v24.14.0-linux-arm64.tar.gz"

[tools.node."platforms.linux-arm64-musl"]
checksum = "sha256:f44740cd218de8127f1c44c41510a3a740fa5c9c8d1cdce1c3bedada79f3cde7"
url = "https://nodejs.org/dist/v24.14.0/node-v24.14.0-linux-arm64.tar.gz"

[tools.node."platforms.linux-x64"]
checksum = "sha256:dbf5b8665dec15e59e6359a517fefb47b23fdb9152d8def975b9bca3dfc6d355"
url = "https://nodejs.org/dist/v24.14.0/node-v24.14.0-linux-x64.tar.gz"

[tools.node."platforms.linux-x64-musl"]
checksum = "sha256:dbf5b8665dec15e59e6359a517fefb47b23fdb9152d8def975b9bca3dfc6d355"
url = "https://nodejs.org/dist/v24.14.0/node-v24.14.0-linux-x64.tar.gz"

[tools.node."platforms.macos-arm64"]
checksum = "sha256:a1a54f46a750d2523d628d924aab61758a51c9dad3e0238beb14141be9615dd3"
url = "https://nodejs.org/dist/v24.14.0/node-v24.14.0-darwin-arm64.tar.gz"

[tools.node."platforms.macos-x64"]
checksum = "sha256:f2879eb810e25993a0578e5d878930266fd2eafcffe9f2839b3d8db354d4879e"
url = "https://nodejs.org/dist/v24.14.0/node-v24.14.0-darwin-x64.tar.gz"

[tools.node."platforms.windows-x64"]
checksum = "sha256:313fa40c0d7b18575821de8cb17483031fe07d95de5994f6f435f3b345f85c66"
url = "https://nodejs.org/dist/v24.14.0/node-v24.14.0-win-x64.zip"

[[tools.pinact]]
version = "3.9.0"
backend = "aqua:suzuki-shunsuke/pinact"

[tools.pinact."platforms.linux-arm64"]
checksum = "sha256:34a957423002662c6289782b571660beda6a37449a76d763c8ad8b1b9a500a54"
url = "https://github.com/suzuki-shunsuke/pinact/releases/download/v3.9.0/pinact_linux_arm64.tar.gz"
provenance = "slsa"

[tools.pinact."platforms.linux-arm64-musl"]
checksum = "sha256:34a957423002662c6289782b571660beda6a37449a76d763c8ad8b1b9a500a54"
url = "https://github.com/suzuki-shunsuke/pinact/releases/download/v3.9.0/pinact_linux_arm64.tar.gz"
provenance = "slsa"

[tools.pinact."platforms.linux-x64"]
checksum = "sha256:3829da718de38b1e914b974c3e77045a256999af84789437a7305b09130d8a6a"
url = "https://github.com/suzuki-shunsuke/pinact/releases/download/v3.9.0/pinact_linux_amd64.tar.gz"
provenance = "slsa"

[tools.pinact."platforms.linux-x64-musl"]
checksum = "sha256:3829da718de38b1e914b974c3e77045a256999af84789437a7305b09130d8a6a"
url = "https://github.com/suzuki-shunsuke/pinact/releases/download/v3.9.0/pinact_linux_amd64.tar.gz"
provenance = "slsa"

[tools.pinact."platforms.macos-arm64"]
checksum = "sha256:23c8a4eda8fd7949c8cbb1cfe6f3d01279402fe6201e9cb0a90447a5ecfdef89"
url = "https://github.com/suzuki-shunsuke/pinact/releases/download/v3.9.0/pinact_darwin_arm64.tar.gz"
provenance = "slsa"

[tools.pinact."platforms.macos-x64"]
checksum = "sha256:70f68407a05fa88843fbf9b400d979e6205489ef8af251dacc21841a07989df4"
url = "https://github.com/suzuki-shunsuke/pinact/releases/download/v3.9.0/pinact_darwin_amd64.tar.gz"
provenance = "slsa"

[tools.pinact."platforms.windows-x64"]
checksum = "sha256:b923a567f88417d79ce183e59c2a2372d9cae9b697a472ce1f95d745932746b1"
url = "https://github.com/suzuki-shunsuke/pinact/releases/download/v3.9.0/pinact_windows_amd64.zip"
provenance = "slsa"

[[tools."pipx:codemagic-cli-tools"]]
version = "0.64.0"
backend = "pipx:codemagic-cli-tools"

[[tools.pnpm]]
version = "10.32.1"
backend = "aqua:pnpm/pnpm"

[tools.pnpm."platforms.linux-arm64"]
checksum = "sha256:c0db0b837971fde6f9781af8914e54eb163721193a36d35cbcf1794b3474a407"
url = "https://github.com/pnpm/pnpm/releases/download/v10.32.1/pnpm-linux-arm64"

[tools.pnpm."platforms.linux-arm64-musl"]
checksum = "sha256:c0db0b837971fde6f9781af8914e54eb163721193a36d35cbcf1794b3474a407"
url = "https://github.com/pnpm/pnpm/releases/download/v10.32.1/pnpm-linux-arm64"

[tools.pnpm."platforms.linux-x64"]
checksum = "sha256:c5607a86bfb948297e96b393a53c90107766fe56329e62967b1f239d861d4363"
url = "https://github.com/pnpm/pnpm/releases/download/v10.32.1/pnpm-linux-x64"

[tools.pnpm."platforms.linux-x64-musl"]
checksum = "sha256:c5607a86bfb948297e96b393a53c90107766fe56329e62967b1f239d861d4363"
url = "https://github.com/pnpm/pnpm/releases/download/v10.32.1/pnpm-linux-x64"

[tools.pnpm."platforms.macos-arm64"]
checksum = "sha256:b0904b4e0cf36704fcdc24bcdb5f03388799a631510d1fb0d459ea69c7b1e2d9"
url = "https://github.com/pnpm/pnpm/releases/download/v10.32.1/pnpm-macos-arm64"

[tools.pnpm."platforms.macos-x64"]
checksum = "sha256:8b83277343bbc400fdb90608bd51b4f56e380e6624ac5fd0e11d6c08815e3f04"
url = "https://github.com/pnpm/pnpm/releases/download/v10.32.1/pnpm-macos-x64"

[tools.pnpm."platforms.windows-x64"]
checksum = "sha256:849141504c83bcd08a3d84dc20d43cff2584d672138d28c33ad62bdac809e7f2"
url = "https://github.com/pnpm/pnpm/releases/download/v10.32.1/pnpm-win-x64.exe"

[[tools.python]]
version = "3.14.3"
backend = "core:python"

[tools.python."platforms.linux-arm64"]
checksum = "sha256:89e2cfba1b1ca974a8d2b7aa054d8c32a9301b1168fde2bf1c9a5270488c018f"
url = "https://github.com/astral-sh/python-build-standalone/releases/download/20260310/cpython-3.14.3+20260310-aarch64-unknown-linux-gnu-install_only_stripped.tar.gz"

[tools.python."platforms.linux-arm64-musl"]
checksum = "sha256:89e2cfba1b1ca974a8d2b7aa054d8c32a9301b1168fde2bf1c9a5270488c018f"
url = "https://github.com/astral-sh/python-build-standalone/releases/download/20260310/cpython-3.14.3+20260310-aarch64-unknown-linux-gnu-install_only_stripped.tar.gz"

[tools.python."platforms.linux-x64"]
checksum = "sha256:0023aa5e9930a70585e1b639055f4928f76080b2e1dcc2458453b595155a50ee"
url = "https://github.com/astral-sh/python-build-standalone/releases/download/20260310/cpython-3.14.3+20260310-x86_64-unknown-linux-gnu-install_only_stripped.tar.gz"

[tools.python."platforms.linux-x64-musl"]
checksum = "sha256:0023aa5e9930a70585e1b639055f4928f76080b2e1dcc2458453b595155a50ee"
url = "https://github.com/astral-sh/python-build-standalone/releases/download/20260310/cpython-3.14.3+20260310-x86_64-unknown-linux-gnu-install_only_stripped.tar.gz"

[tools.python."platforms.macos-arm64"]
checksum = "sha256:1a98bbe7e63547d2f764bc9119f6d604dfb333f21afab5f4885dc362b4f3a921"
url = "https://github.com/astral-sh/python-build-standalone/releases/download/20260310/cpython-3.14.3+20260310-aarch64-apple-darwin-install_only_stripped.tar.gz"

[tools.python."platforms.macos-x64"]
checksum = "sha256:a974fefb14c2b724ca87830240d36fc865780391ec9e1e2db28a1d5f58f5fae2"
url = "https://github.com/astral-sh/python-build-standalone/releases/download/20260310/cpython-3.14.3+20260310-x86_64-apple-darwin-install_only_stripped.tar.gz"

[tools.python."platforms.windows-x64"]
checksum = "sha256:8458fdf45b9b47685a7dea76d72a4b8cf946091fe48cac43d3564f7f318e8c0f"
url = "https://github.com/astral-sh/python-build-standalone/releases/download/20260310/cpython-3.14.3+20260310-x86_64-pc-windows-msvc-install_only_stripped.tar.gz"

[[tools.shellcheck]]
version = "0.11.0"
backend = "aqua:koalaman/shellcheck"

[tools.shellcheck."platforms.linux-arm64"]
checksum = "sha256:12b331c1d2db6b9eb13cfca64306b1b157a86eb69db83023e261eaa7e7c14588"
url = "https://github.com/koalaman/shellcheck/releases/download/v0.11.0/shellcheck-v0.11.0.linux.aarch64.tar.xz"

[tools.shellcheck."platforms.linux-arm64-musl"]
checksum = "sha256:12b331c1d2db6b9eb13cfca64306b1b157a86eb69db83023e261eaa7e7c14588"
url = "https://github.com/koalaman/shellcheck/releases/download/v0.11.0/shellcheck-v0.11.0.linux.aarch64.tar.xz"

[tools.shellcheck."platforms.linux-x64"]
checksum = "sha256:8c3be12b05d5c177a04c29e3c78ce89ac86f1595681cab149b65b97c4e227198"
url = "https://github.com/koalaman/shellcheck/releases/download/v0.11.0/shellcheck-v0.11.0.linux.x86_64.tar.xz"

[tools.shellcheck."platforms.linux-x64-musl"]
checksum = "sha256:8c3be12b05d5c177a04c29e3c78ce89ac86f1595681cab149b65b97c4e227198"
url = "https://github.com/koalaman/shellcheck/releases/download/v0.11.0/shellcheck-v0.11.0.linux.x86_64.tar.xz"

[tools.shellcheck."platforms.macos-arm64"]
checksum = "sha256:56affdd8de5527894dca6dc3d7e0a99a873b0f004d7aabc30ae407d3f48b0a79"
url = "https://github.com/koalaman/shellcheck/releases/download/v0.11.0/shellcheck-v0.11.0.darwin.aarch64.tar.xz"

[tools.shellcheck."platforms.macos-x64"]
checksum = "sha256:3c89db4edcab7cf1c27bff178882e0f6f27f7afdf54e859fa041fca10febe4c6"
url = "https://github.com/koalaman/shellcheck/releases/download/v0.11.0/shellcheck-v0.11.0.darwin.x86_64.tar.xz"

[tools.shellcheck."platforms.windows-x64"]
checksum = "sha256:8a4e35ab0b331c85d73567b12f2a444df187f483e5079ceffa6bda1faa2e740e"
url = "https://github.com/koalaman/shellcheck/releases/download/v0.11.0/shellcheck-v0.11.0.zip"

[[tools.swiftformat]]
version = "0.60.1"
backend = "github:nicklockwood/SwiftFormat"

[tools.swiftformat."platforms.linux-arm64"]
checksum = "sha256:e06fb611e21fcf6a2a0b7f9ba6d112a3b3f87e7a6b310d3b95cd215d183a473b"
url = "https://github.com/nicklockwood/SwiftFormat/releases/download/0.60.1/swiftformat_linux_aarch64.zip"
url_api = "https://api.github.com/repos/nicklockwood/SwiftFormat/releases/assets/368977984"

[tools.swiftformat."platforms.linux-arm64-musl"]
checksum = "sha256:e06fb611e21fcf6a2a0b7f9ba6d112a3b3f87e7a6b310d3b95cd215d183a473b"
url = "https://github.com/nicklockwood/SwiftFormat/releases/download/0.60.1/swiftformat_linux_aarch64.zip"
url_api = "https://api.github.com/repos/nicklockwood/SwiftFormat/releases/assets/368977984"

[tools.swiftformat."platforms.linux-x64"]
checksum = "sha256:c23cb1a199313d063b1956e9ec589cc65f9f6268844a1875bbf8ac865b8de2d9"
url = "https://github.com/nicklockwood/SwiftFormat/releases/download/0.60.1/swiftformat_linux.zip"
url_api = "https://api.github.com/repos/nicklockwood/SwiftFormat/releases/assets/368977982"

[tools.swiftformat."platforms.linux-x64-musl"]
checksum = "sha256:c23cb1a199313d063b1956e9ec589cc65f9f6268844a1875bbf8ac865b8de2d9"
url = "https://github.com/nicklockwood/SwiftFormat/releases/download/0.60.1/swiftformat_linux.zip"
url_api = "https://api.github.com/repos/nicklockwood/SwiftFormat/releases/assets/368977982"

[tools.swiftformat."platforms.macos-arm64"]
checksum = "sha256:23b50c75f4223c477e822833c4cf819a1c9abbb6d00e892900bda1c3a8231afd"
url = "https://github.com/nicklockwood/SwiftFormat/releases/download/0.60.1/swiftformat.zip"
url_api = "https://api.github.com/repos/nicklockwood/SwiftFormat/releases/assets/368977980"

[tools.swiftformat."platforms.macos-x64"]
checksum = "sha256:23b50c75f4223c477e822833c4cf819a1c9abbb6d00e892900bda1c3a8231afd"
url = "https://github.com/nicklockwood/SwiftFormat/releases/download/0.60.1/swiftformat.zip"
url_api = "https://api.github.com/repos/nicklockwood/SwiftFormat/releases/assets/368977980"

[tools.swiftformat."platforms.windows-x64"]
checksum = "sha256:da4a2b61ebb5f345746d8171d4adfda0c96f379d635f35339aea433979009085"
url = "https://github.com/nicklockwood/SwiftFormat/releases/download/0.60.1/SwiftFormat.amd64.msi"
url_api = "https://api.github.com/repos/nicklockwood/SwiftFormat/releases/assets/368978982"

[[tools.terraform]]
version = "1.14.7"
backend = "aqua:hashicorp/terraform"

[tools.terraform."platforms.linux-arm64"]
checksum = "sha256:04f88ee8924db27c0e26c379721965273c80c9b6a94bc5d8d8048a69163952ba"
url = "https://releases.hashicorp.com/terraform/1.14.7/terraform_1.14.7_linux_arm64.zip"

[tools.terraform."platforms.linux-arm64-musl"]
checksum = "sha256:04f88ee8924db27c0e26c379721965273c80c9b6a94bc5d8d8048a69163952ba"
url = "https://releases.hashicorp.com/terraform/1.14.7/terraform_1.14.7_linux_arm64.zip"

[tools.terraform."platforms.linux-x64"]
checksum = "sha256:e8bbcefea8015156e04e2a325cde37a0b2fb761728bda548e2fe3b8ad7c18c96"
url = "https://releases.hashicorp.com/terraform/1.14.7/terraform_1.14.7_linux_amd64.zip"

[tools.terraform."platforms.linux-x64-musl"]
checksum = "sha256:e8bbcefea8015156e04e2a325cde37a0b2fb761728bda548e2fe3b8ad7c18c96"
url = "https://releases.hashicorp.com/terraform/1.14.7/terraform_1.14.7_linux_amd64.zip"

[tools.terraform."platforms.macos-arm64"]
checksum = "sha256:e9004e245b3e56bff9c7a6c572295d710f6ce4fc72e3910e99519ebdcb46d1bb"
url = "https://releases.hashicorp.com/terraform/1.14.7/terraform_1.14.7_darwin_arm64.zip"

[tools.terraform."platforms.macos-x64"]
checksum = "sha256:469f19fb58ed6f67abc858f1d1a20a2fdb1fadda8eaa0f766da1c8acd1518cb0"
url = "https://releases.hashicorp.com/terraform/1.14.7/terraform_1.14.7_darwin_amd64.zip"

[tools.terraform."platforms.windows-x64"]
checksum = "sha256:e81958c47acde7bb64e0126c5c45c3919da1ecd51042d84e79030835cbbfdd0c"
url = "https://releases.hashicorp.com/terraform/1.14.7/terraform_1.14.7_windows_amd64.zip"

[[tools.tflint]]
version = "0.61.0"
backend = "aqua:terraform-linters/tflint"

[tools.tflint."platforms.linux-arm64"]
checksum = "sha256:999c25cfdb5208fe1133dec6b219e666a39fc2a7a0786a781dc9924ea5945ebf"
url = "https://github.com/terraform-linters/tflint/releases/download/v0.61.0/tflint_linux_arm64.zip"

[tools.tflint."platforms.linux-arm64-musl"]
checksum = "sha256:999c25cfdb5208fe1133dec6b219e666a39fc2a7a0786a781dc9924ea5945ebf"
url = "https://github.com/terraform-linters/tflint/releases/download/v0.61.0/tflint_linux_arm64.zip"

[tools.tflint."platforms.linux-x64"]
checksum = "sha256:ca4e4e8cb7cc3436f2b6979e9c4fd4e2623a66fcca1ad1fe12f8669967636ae2"
url = "https://github.com/terraform-linters/tflint/releases/download/v0.61.0/tflint_linux_amd64.zip"

[tools.tflint."platforms.linux-x64-musl"]
checksum = "sha256:ca4e4e8cb7cc3436f2b6979e9c4fd4e2623a66fcca1ad1fe12f8669967636ae2"
url = "https://github.com/terraform-linters/tflint/releases/download/v0.61.0/tflint_linux_amd64.zip"

[tools.tflint."platforms.macos-arm64"]
checksum = "sha256:6593fa24cb6e14d2d0cf7af7fd02a271242f1038af6ecb5384f6738e105a0fea"
url = "https://github.com/terraform-linters/tflint/releases/download/v0.61.0/tflint_darwin_arm64.zip"

[tools.tflint."platforms.macos-x64"]
checksum = "sha256:9cd3106c7b74f83cbcd90e0593dfaa1ce14dc5260fe32d946915fd0004aec2f4"
url = "https://github.com/terraform-linters/tflint/releases/download/v0.61.0/tflint_darwin_amd64.zip"

[tools.tflint."platforms.windows-x64"]
checksum = "sha256:f114a26a519f580a9d27204b1210ba5869ed8219d7e23a732d41774d612af3b0"
url = "https://github.com/terraform-linters/tflint/releases/download/v0.61.0/tflint_windows_amd64.zip"

[[tools.uv]]
version = "0.10.11"
backend = "aqua:astral-sh/uv"

[tools.uv."platforms.linux-arm64"]
checksum = "sha256:5d80a7f6343d2676dfde1e5126582070a2bbc62df6f60d5527a169be3788532a"
url = "https://github.com/astral-sh/uv/releases/download/0.10.11/uv-aarch64-unknown-linux-musl.tar.gz"

[tools.uv."platforms.linux-arm64-musl"]
checksum = "sha256:5d80a7f6343d2676dfde1e5126582070a2bbc62df6f60d5527a169be3788532a"
url = "https://github.com/astral-sh/uv/releases/download/0.10.11/uv-aarch64-unknown-linux-musl.tar.gz"

[tools.uv."platforms.linux-x64"]
checksum = "sha256:d78246139dc6cf3ed6d03c84da762686bced7ad1de67977ee372a45b95a1f6d0"
url = "https://github.com/astral-sh/uv/releases/download/0.10.11/uv-x86_64-unknown-linux-musl.tar.gz"

[tools.uv."platforms.linux-x64-musl"]
checksum = "sha256:d78246139dc6cf3ed6d03c84da762686bced7ad1de67977ee372a45b95a1f6d0"
url = "https://github.com/astral-sh/uv/releases/download/0.10.11/uv-x86_64-unknown-linux-musl.tar.gz"

[tools.uv."platforms.macos-arm64"]
checksum = "sha256:437a7d498dd6564d5bf986074249ba1fc600e73da55ae04d7bd4c24d5f149b95"
url = "https://github.com/astral-sh/uv/releases/download/0.10.11/uv-aarch64-apple-darwin.tar.gz"

[tools.uv."platforms.macos-x64"]
checksum = "sha256:ff90020b554cf02ef8008535c9aab6ef27bb7be6b075359300dec79c361df897"
url = "https://github.com/astral-sh/uv/releases/download/0.10.11/uv-x86_64-apple-darwin.tar.gz"

[tools.uv."platforms.windows-x64"]
checksum = "sha256:9ee74df98582f37fdd6069e1caac80d2616f9a489f5dbb2b1c152f30be69c58e"
url = "https://github.com/astral-sh/uv/releases/download/0.10.11/uv-x86_64-pc-windows-msvc.zip"

[[tools.websocat]]
version = "1.14.1"
backend = "aqua:vi/websocat"

[tools.websocat."platforms.linux-arm64"]
checksum = "sha256:711a69576a2ff473fb01a90ffafb571c2ed019e55479d7ae71b12c2eadeb7011"
url = "https://github.com/vi/websocat/releases/download/v1.14.1/websocat.aarch64-unknown-linux-musl"

[tools.websocat."platforms.linux-arm64-musl"]
checksum = "sha256:711a69576a2ff473fb01a90ffafb571c2ed019e55479d7ae71b12c2eadeb7011"
url = "https://github.com/vi/websocat/releases/download/v1.14.1/websocat.aarch64-unknown-linux-musl"

[tools.websocat."platforms.linux-x64"]
checksum = "sha256:66f8dd3a0394761556339117f8bb5123bddefd44e087af2a72ec22b0bd08d514"
url = "https://github.com/vi/websocat/releases/download/v1.14.1/websocat.x86_64-unknown-linux-musl"

[tools.websocat."platforms.linux-x64-musl"]
checksum = "sha256:66f8dd3a0394761556339117f8bb5123bddefd44e087af2a72ec22b0bd08d514"
url = "https://github.com/vi/websocat/releases/download/v1.14.1/websocat.x86_64-unknown-linux-musl"

[tools.websocat."platforms.macos-arm64"]
checksum = "sha256:45521ba59a6604785543406bf8e398ce7d565d54c09657176afba795dd28f191"
url = "https://github.com/vi/websocat/releases/download/v1.14.1/websocat.x86_64-apple-darwin"

[tools.websocat."platforms.macos-x64"]
checksum = "sha256:45521ba59a6604785543406bf8e398ce7d565d54c09657176afba795dd28f191"
url = "https://github.com/vi/websocat/releases/download/v1.14.1/websocat.x86_64-apple-darwin"

[tools.websocat."platforms.windows-x64"]
checksum = "sha256:284339b5b86f2b11496137d97b6705bb2ef27e64f21527c1ba240bdb6177ba3b"
url = "https://github.com/vi/websocat/releases/download/v1.14.1/websocat.x86_64-pc-windows-gnu.exe"

[[tools.xcbeautify]]
version = "3.1.4"
backend = "aqua:cpisciotta/xcbeautify"

[tools.xcbeautify."platforms.linux-x64"]
checksum = "sha256:ec0ca3622497524aded86cab837e85310283f7040c7ef263c7969a6890f3ab47"
url = "https://github.com/cpisciotta/xcbeautify/releases/download/3.1.4/xcbeautify-3.1.4-x86_64-unknown-linux-gnu.tar.xz"

[tools.xcbeautify."platforms.linux-x64-musl"]
checksum = "sha256:ec0ca3622497524aded86cab837e85310283f7040c7ef263c7969a6890f3ab47"
url = "https://github.com/cpisciotta/xcbeautify/releases/download/3.1.4/xcbeautify-3.1.4-x86_64-unknown-linux-gnu.tar.xz"

[tools.xcbeautify."platforms.macos-arm64"]
checksum = "sha256:7e1442b90cb474c968b26acc8aaac8839ed0387de0bf05368f13c148b4922082"
url = "https://github.com/cpisciotta/xcbeautify/releases/download/3.1.4/xcbeautify-3.1.4-arm64-apple-macosx.zip"

[tools.xcbeautify."platforms.macos-x64"]
checksum = "sha256:1b76979c0688a9793e0feb8847cbac107a749c19f5424cbb85a896deb8050186"
url = "https://github.com/cpisciotta/xcbeautify/releases/download/3.1.4/xcbeautify-3.1.4-x86_64-apple-macosx.zip"

[[tools.yq]]
version = "4.52.4"
backend = "aqua:mikefarah/yq"

[tools.yq."platforms.linux-arm64"]
checksum = "sha256:4c2cc022a129be5cc1187959bb4b09bebc7fb543c5837b93001c68f97ce39a5d"
url = "https://github.com/mikefarah/yq/releases/download/v4.52.4/yq_linux_arm64"

[tools.yq."platforms.linux-arm64-musl"]
checksum = "sha256:4c2cc022a129be5cc1187959bb4b09bebc7fb543c5837b93001c68f97ce39a5d"
url = "https://github.com/mikefarah/yq/releases/download/v4.52.4/yq_linux_arm64"

[tools.yq."platforms.linux-x64"]
checksum = "sha256:0c4d965ea944b64b8fddaf7f27779ee3034e5693263786506ccd1c120f184e8c"
url = "https://github.com/mikefarah/yq/releases/download/v4.52.4/yq_linux_amd64"

[tools.yq."platforms.linux-x64-musl"]
checksum = "sha256:0c4d965ea944b64b8fddaf7f27779ee3034e5693263786506ccd1c120f184e8c"
url = "https://github.com/mikefarah/yq/releases/download/v4.52.4/yq_linux_amd64"

[tools.yq."platforms.macos-arm64"]
checksum = "sha256:6bfa43a439936644d63c70308832390c8838290d064970eaada216219c218a13"
url = "https://github.com/mikefarah/yq/releases/download/v4.52.4/yq_darwin_arm64"

[tools.yq."platforms.macos-x64"]
checksum = "sha256:d72a75fe9953c707d395f653d90095b133675ddd61aa738e1ac9a73c6c05e8be"
url = "https://github.com/mikefarah/yq/releases/download/v4.52.4/yq_darwin_amd64"

[tools.yq."platforms.windows-x64"]
checksum = "sha256:b7c4186f8a3e32879ddf99389bf59a4b2861f0f1b41ef58647d903b0a11e8151"
url = "https://github.com/mikefarah/yq/releases/download/v4.52.4/yq_windows_amd64.exe"
