# @generated - this file is auto-generated by `mise lock` https://mise.jdx.dev/dev-tools/mise-lock.html

[[tools."github:YumNumm/google-play-cli"]]
version = "1.0.1"
backend = "github:YumNumm/google-play-cli"

[tools."github:YumNumm/google-play-cli"."platforms.linux-arm64"]
checksum = "sha256:a70d450600b0b94cf678573414ee411d61711426599c4b4e85055cf514cc2247"
url = "https://github.com/YumNumm/google-play-cli/releases/download/v1.0.1/google-play-cli_linux_arm64"
url_api = "https://api.github.com/repos/YumNumm/google-play-cli/releases/assets/377097262"

[tools."github:YumNumm/google-play-cli"."platforms.linux-arm64-musl"]
checksum = "sha256:a70d450600b0b94cf678573414ee411d61711426599c4b4e85055cf514cc2247"
url = "https://github.com/YumNumm/google-play-cli/releases/download/v1.0.1/google-play-cli_linux_arm64"
url_api = "https://api.github.com/repos/YumNumm/google-play-cli/releases/assets/377097262"

[tools."github:YumNumm/google-play-cli"."platforms.linux-x64"]
checksum = "sha256:32b1a9b6a073487655d584570c0b17b936fdd9d2d39d639462c17add9d7aba25"
url = "https://github.com/YumNumm/google-play-cli/releases/download/v1.0.1/google-play-cli_linux_amd64"
url_api = "https://api.github.com/repos/YumNumm/google-play-cli/releases/assets/377097268"

[tools."github:YumNumm/google-play-cli"."platforms.linux-x64-musl"]
checksum = "sha256:32b1a9b6a073487655d584570c0b17b936fdd9d2d39d639462c17add9d7aba25"
url = "https://github.com/YumNumm/google-play-cli/releases/download/v1.0.1/google-play-cli_linux_amd64"
url_api = "https://api.github.com/repos/YumNumm/google-play-cli/releases/assets/377097268"

[tools."github:YumNumm/google-play-cli"."platforms.macos-arm64"]
checksum = "sha256:1f90043dbcccd5fe3efc324a80b80ce86ade7af1af6ec1168667acf742e1ec37"
url = "https://github.com/YumNumm/google-play-cli/releases/download/v1.0.1/google-play-cli_darwin_arm64"
url_api = "https://api.github.com/repos/YumNumm/google-play-cli/releases/assets/377097265"

[tools."github:YumNumm/google-play-cli"."platforms.macos-x64"]
checksum = "sha256:6c2bf714856ddd644531d17f46827e73ff6b4f31cdea71764fe1f64852b3c28e"
url = "https://github.com/YumNumm/google-play-cli/releases/download/v1.0.1/google-play-cli_darwin_amd64"
url_api = "https://api.github.com/repos/YumNumm/google-play-cli/releases/assets/377097267"

[tools."github:YumNumm/google-play-cli"."platforms.windows-x64"]
checksum = "sha256:ce788dc7aa828e7cfec57e433c846895b8be54bca09a7624a414801089d75e62"
url = "https://github.com/YumNumm/google-play-cli/releases/download/v1.0.1/google-play-cli_windows_amd64.exe"
url_api = "https://api.github.com/repos/YumNumm/google-play-cli/releases/assets/377097273"
