lockfileVersion: '9.0'

settings:
  autoInstallPeers: true
  excludeLinksFromLockfile: false

importers:

  .:
    devDependencies:
      '@textlint-ja/textlint-rule-preset-ai-writing':
        specifier: ^1.7.0
        version: 1.7.0
      textlint:
        specifier: ^15.8.0
        version: 15.8.0

packages:

  '@azu/format-text@1.0.2':
    resolution: {integrity: sha512-Swi4N7Edy1Eqq82GxgEECXSSLyn6GOb5htRFPzBDdUkECGXtlf12ynO5oJSpWKPwCaUssOu7NfhDcCWpIC6Ywg==}

  '@azu/style-format@1.0.1':
    resolution: {integrity: sha512-AHcTojlNBdD/3/KxIKlg8sxIWHfOtQszLvOpagLTO+bjC3u7SAszu1lf//u7JJC50aUSH+BVWDD/KvaA6Gfn5g==}

  '@babel/code-frame@7.29.7':
    resolution: {integrity: sha512-Aup7aUOfpbAUg2ROOJN6Iw5f9DMBlzu0mIkm/malLQFN/YQgO48wCj0Kxa3sEHJvPVFg7siR+qRInwXd2qhQKw==}
    engines: {node: '>=6.9.0'}

  '@babel/helper-validator-identifier@7.29.7':
    resolution: {integrity: sha512-qehxGkRj55h/ff8EMaJ+cYhyaKlHIxqYDn682wQD7RNp9UujOQsHog2uS0r2vzr4pW+sXf90NeeayjcNaX3fFg==}
    engines: {node: '>=6.9.0'}

  '@cacheable/memory@2.2.0':
    resolution: {integrity: sha512-CTLKqLItRCEixEAewD3/j9DB3/o96gpTPD4eJ1v+DGOlxZRZncRQkGYqqnAGCscYd6RNeXfGeiuCphsPtqyIfQ==}

  '@cacheable/utils@2.5.0':
    resolution: {integrity: sha512-buipgOVDkkPXNR5+xBpDw7Zk2n1EvU7qBJCNUcL7rhQ//kfpOXPAvQ511Os0vpLYJ1pZnvudNytkQt2hst3wqA==}

  '@keyv/bigmap@1.3.1':
    resolution: {integrity: sha512-WbzE9sdmQtKy8vrNPa9BRnwZh5UF4s1KTmSK0KUVLo3eff5BlQNNWDnFOouNpKfPKDnms9xynJjsMYjMaT/aFQ==}
    engines: {node: '>= 18'}
    peerDependencies:
      keyv: ^5.6.0

  '@keyv/serialize@1.1.1':
    resolution: {integrity: sha512-dXn3FZhPv0US+7dtJsIi2R+c7qWYiReoEh5zUntWCf4oSpMNib8FDhSoed6m3QyZdx5hK7iLFkYk3rNxwt8vTA==}

  '@kvs/env@2.2.2':
    resolution: {integrity: sha512-tvy6eb1IHiQWqgSBjOxJp+gQ8wI/1bT5pWKU0VJL9d8SwAflOpN9777wQ3RY3jUtEUpcQOUtxrxcrMs9VYiNBw==}

  '@kvs/indexeddb@2.2.2':
    resolution: {integrity: sha512-h9Fom6YvbRzMHhBLZKdNNJ/bgla0aBbmVBzUBLUoeEwT3C16Yx5eGA+spUQ69ZoRbsArZufX84qX/wRbyvjtrg==}

  '@kvs/node-localstorage@2.2.2':
    resolution: {integrity: sha512-e6r2CBWAQznaLEAmYSNNPGXUkSRP+yffSZNJYfgR4II8vjDFtGj1gByo2yk7pQsRiiId6IZ5dwDl1Tib3bNaqw==}

  '@kvs/storage@2.2.2':
    resolution: {integrity: sha512-jThnhLTcT0w1SHzhr/PFTzzkKl+V3J6X07NyARceT02mIu5+tBWwtUhS68UNOaD7CTQ07rMFgb5UHoolies94g==}

  '@kvs/types@2.2.2':
    resolution: {integrity: sha512-5lmBuah+wOdypBf0O9t6BoHrnq5hX5MlhEPTDPBNKN38ayQwVc5gYgJOBR3Dg4EF7OwL+1c7JNtWXQEJXXVXlg==}

  '@modelcontextprotocol/core@2.0.0':
    resolution: {integrity: sha512-pJCEwGG7Lfr/+PQp9ZTwKXNeO5wzbfKL7H3MYpCorM4oFBoQrdjnBgEoqG+RjhsvS1FKrDbKux+M1HhlnGWqcA==}
    engines: {node: '>=20'}

  '@modelcontextprotocol/server@2.0.0':
    resolution: {integrity: sha512-YhHWdHfpFMQfd0prsEnxKeS3Qz3ytIGmsS0sth4KDjnacIT7hxk6hXHkJ9KysxlkvTM+WZAtQbbcUhdoP4Hvtw==}
    engines: {node: '>=20'}

  '@textlint-ja/textlint-rule-preset-ai-writing@1.7.0':
    resolution: {integrity: sha512-xq+y592q4qP4SK5Vs40JRi98BmpJJoIaUO8/U+puOErCyazQvoZqDswIuKsFi1IEFmZ/wNn8OkfJ/5GNhrppNw==}

  '@textlint/ast-node-types@13.4.1':
    resolution: {integrity: sha512-qrZyhCh8Ekk6nwArx3BROybm9BnX6vF7VcZbijetV/OM3yfS4rTYhoMWISmhVEP2H2re0CtWEyMl/XF+WdvVLQ==}

  '@textlint/ast-node-types@15.8.0':
    resolution: {integrity: sha512-5CiH9COYmovWmExQgs7763DzX6Gy9zjkjJ7JxCC95wyTcjwQn/8poNF6fv3qzRlmx8CRRde8DHr9FcgAAiPzgw==}

  '@textlint/ast-tester@15.8.0':
    resolution: {integrity: sha512-EoNPm/Xpv59BYQimlUcEsD8iHWVLMiyA/U66ATQCiZQTrvS93C67q3V630fhCJWeSuSR660BGadHGX1jv+IeTg==}

  '@textlint/ast-traverse@15.8.0':
    resolution: {integrity: sha512-N/FhYDJLXUFOIlsRAuyx78ll2/O2SCU5mZBB1jWQhX71653YcrJvFf6r+EavnKlxNie0mcaTt0hrCnX2q0SdLg==}

  '@textlint/config-loader@15.8.0':
    resolution: {integrity: sha512-iJjgkZxURc7YAIRwNkhjsD2d0j3zKzlyRAw5EAmX/Rxr1/jBXPm2taaLOX1yMaaeZxVpWZ+7mauU5B96qjfQpQ==}

  '@textlint/feature-flag@15.8.0':
    resolution: {integrity: sha512-qvk6DV9lazH9EVHGLglvO9LwJbi22yy2LdZDQNH4EvlGk5+cNxbV1yZzuLdk+7elOuK2Lb9l5geMpZPa/j11XQ==}

  '@textlint/fixer-formatter@15.8.0':
    resolution: {integrity: sha512-/Lwo9E6Kvltb/cYsOCKvBwVRz4GZ8CLgOVNTDRdyYVtXE6EGk5utCPCdzjEm1h3C6bdXcnoArGvgyhlFw7AsUg==}
    engines: {node: '>=20.18.0'}

  '@textlint/kernel@15.8.0':
    resolution: {integrity: sha512-Wc2Z2Oq95v+IXj+G4j3cKpfQ1t2YRgubxHHj8i93Nu+R2F/GvszRC7pYBHYBH9HMmlJyTBq8jcjBOYG/b52CUQ==}

  '@textlint/linter-formatter@15.8.0':
    resolution: {integrity: sha512-+oU3A235NATv6Lzi4xa4kJ65PuNJlIxesaO4AvDhDWA9FWm7y4XKWaoQCW1esgaQQ6dwnUiFKArQ8TcJ86mC4w==}
    engines: {node: '>=20.18.0'}

  '@textlint/markdown-to-ast@15.8.0':
    resolution: {integrity: sha512-gWOcd2+UCqODMLGIIY5WiPE9zmR9L4aut3FIkxH8gSCiZ6EVkBaU2mgm+8KiGOjJqdtT98xkWocCwDtQ1kypOQ==}

  '@textlint/module-interop@15.8.0':
    resolution: {integrity: sha512-rt+OR1WYGoLOY8HkA/aBPrqufF6yUUEsKEAh7XohTsT3lp9IyZFT6zOIbjul9P4FAzsmSPkcrYjVx3Bz/IUfkg==}

  '@textlint/regexp-string-matcher@2.0.2':
    resolution: {integrity: sha512-OXLD9XRxMhd3S0LWuPHpiARQOI7z9tCOs0FsynccW2lmyZzHHFJ9/eR6kuK9xF459Qf+740qI5h+/0cx+NljzA==}

  '@textlint/resolver@15.8.0':
    resolution: {integrity: sha512-E88tzfX3K8Jykk+38aJ9cy8RquD8ABVOPTO2rFEESq0wcg8x6/ypdAS8ZgR7OKiGqlRF0hkO/m5PbQwVfKM3VA==}

  '@textlint/source-code-fixer@15.8.0':
    resolution: {integrity: sha512-oWEBXLRzvv9bMu7/8NFMDM6GXil6iPXbNdiopQfxmrEVduc7mZ5gPoKr77gwrUO05jLS5ycfxE7kwPUu5sXP8Q==}

  '@textlint/text-to-ast@15.8.0':
    resolution: {integrity: sha512-Mmhy0tW9fOhekLNMouyy93WEQR9xVrbigKtgCA+jyoqrs5vqSC6x06f/KeZZSvDXQ6hy2gA25m36Swfcg35BPA==}

  '@textlint/textlint-plugin-markdown@15.8.0':
    resolution: {integrity: sha512-susQtSt0omGIkQmb3vNXx3CQS92OViTHD7Qe79quSMxYv0jgN/bCZUa8ej96qOOqPeuoSDDDpMdEZ4D+B6Lb+A==}

  '@textlint/textlint-plugin-text@15.8.0':
    resolution: {integrity: sha512-oz+tip3nSEkzPv5h4WVtXngLorBtJe97Sc1o3EddbcpIvI57jj5cCM7tNMQVGpgpQnGYplfzJt4M1EyFPopfCw==}

  '@textlint/types@15.8.0':
    resolution: {integrity: sha512-Anhc6y5736YIsvqae0U6k0YmB2M/QVHkEeOv2aydAn/WIkdI69dCOiDbe3/+RagS3qstFTSFWJzNRA2lUjv19w==}

  '@textlint/utils@15.8.0':
    resolution: {integrity: sha512-waINJCI7sBVs1A3K05UFKe8QoNAsdJFCXr3PJ1QsgAf0BeEgCtyrLVcZUdbOtKxRkF4QB4NuClB0By1Ty4znpQ==}

  '@types/mdast@3.0.15':
    resolution: {integrity: sha512-LnwD+mUEfxWMa1QpDraczIn6k0Ee3SMicuYSSzS6ZYl2gKS09EClnJYGd8Du6rfc5r/GZEk5o1mRb8TaTj03sQ==}

  '@types/normalize-package-data@2.4.4':
    resolution: {integrity: sha512-37i+OaWTh9qeK4LSHPsyRC7NahnGotNuZvjLSgcPzblpHB3rrCJxAOgI5gCdKm7coonsaX1Of0ILiTcnZjbfxA==}

  '@types/unist@2.0.11':
    resolution: {integrity: sha512-CmBKiL6NNo/OqgmMn95Fk9Whlp2mtvIv+KNpQKN2F4SjvrEesubTRWGYSg+BnWZOnlCaSTU1sMpsBOzgbYhnsA==}

  ajv@8.20.0:
    resolution: {integrity: sha512-Thbli+OlOj+iMPYFBVBfJ3OmCAnaSyNn4M1vz9T6Gka5Jt9ba/HIR56joy65tY6kx/FCF5VXNB819Y7/GUrBGA==}

  ansi-regex@5.0.1:
    resolution: {integrity: sha512-quJQXlTSUGL2LH9SUXo8VwsY4soanhgo6LNSm84E1LBcE8s3O0wpdiRzyR9z/ZZJMlMWv37qOOb9pdJlMUEKFQ==}
    engines: {node: '>=8'}

  ansi-styles@4.3.0:
    resolution: {integrity: sha512-zbB9rCJAT1rbjiVDb2hqKFHNYLxgtk8NURxZ3IZwD3F6NtxbXZQCnnSi1Lkx+IDohdPlFp222wVALIheZJQSEg==}
    engines: {node: '>=8'}

  app-root-path@3.1.0:
    resolution: {integrity: sha512-biN3PwB2gUtjaYy/isrU3aNWI5w+fAfvHkSvCKeQGxhmYpwKFUxudR3Yya+KqVRHBmEDYh+/lTozYCFbmzX4nA==}
    engines: {node: '>= 6.0.0'}

  argparse@2.0.1:
    resolution: {integrity: sha512-8+9WqebbFzpX9OR+Wa6O29asIogeRMzcGtAINdpMHHyAg10f05aSFVBbcEqGf/PXw1EjAZ+q2/bEBg3DvurK3Q==}

  astral-regex@2.0.0:
    resolution: {integrity: sha512-Z7tMw1ytTXt5jqMcOP+OQteU1VuNK9Y02uuJtKQ1Sv69jXQKKg5cibLwGJow8yzZP+eAc18EmLGPal0bp36rvQ==}
    engines: {node: '>=8'}

  async@2.6.4:
    resolution: {integrity: sha512-mzo5dfJYwAn29PeiJ0zvwTo04zj8HDJj0Mn8TD7sno7q12prdbnasKJHhkm2c1LgrhlJ0teaea8860oxi51mGA==}

  bail@1.0.5:
    resolution: {integrity: sha512-xFbRxM1tahm08yHBP16MMjVUAvDaBMD38zsM9EMAUN61omwLmKlOpB/Zku5QkjZ8TZ4vn53pj+t518cH0S03RQ==}

  balanced-match@4.0.4:
    resolution: {integrity: sha512-BLrgEcRTwX2o6gGxGOCNyMvGSp35YofuYzw9h1IMTRmKqttAZZVU67bdb9Pr2vUHA8+j3i2tJfjO6C6+4myGTA==}
    engines: {node: 18 || 20 || >=22}

  boundary@2.0.0:
    resolution: {integrity: sha512-rJKn5ooC9u8q13IMCrW0RSp31pxBCHE3y9V/tp3TdWSLf8Em3p6Di4NBpfzbJge9YjjFEsD0RtFEjtvHL5VyEA==}

  brace-expansion@5.0.9:
    resolution: {integrity: sha512-ScQ4IuvIEF1TMlP7Zt+vjJ//9zlPb2SDcxWxM3bk8s6t6GGdJ7KO1dCcTidOPJKePW30LE/2cT7wCyPho9/Wxg==}
    engines: {node: 20 || >=22}

  cacheable@2.5.0:
    resolution: {integrity: sha512-60cyAOytib/OzBw1JNSoSV/boK1AtHryDIjvVBk7XbN4ugfkM3+Sry7fEjNgPMGgOjuaZPAp8ruZ0Cxafwyq9g==}

  ccount@1.1.0:
    resolution: {integrity: sha512-vlNK021QdI7PNeiUh/lKkC/mNHHfV0m/Ad5JoI0TYtlBnJAslM/JIkm/tGC88bkLIwO6OQ5uV6ztS6kVAtCDlg==}

  character-entities-legacy@1.1.4:
    resolution: {integrity: sha512-3Xnr+7ZFS1uxeiUDvV02wQ+QDbc55o97tIV5zHScSPJpcLm/r0DFPcoY3tYRp+VZukxuMeKgXYmsXQHO05zQeA==}

  character-entities@1.2.4:
    resolution: {integrity: sha512-iBMyeEHxfVnIakwOuDXpVkc54HijNgCyQB2w0VfGQThle6NXn50zU6V/u+LDhxHcDUPojn6Kpga3PTAD8W1bQw==}

  character-reference-invalid@1.1.4:
    resolution: {integrity: sha512-mKKUkUbhPpQlCOfIuZkvSEgktjPFIsZKRRbC6KWVEMvlzblj3i3asQv5ODsrwt0N3pHAEvjP8KTQPHkp0+6jOg==}

  charenc@0.0.2:
    resolution: {integrity: sha512-yrLQ/yVUFXkzg7EDQsPieE/53+0RlaWTs+wBrvW36cyilJ2SaDWfl4Yj7MtLTXleV9uEKefbAGUPv2/iWSooRA==}

  color-convert@2.0.1:
    resolution: {integrity: sha512-RRECPsj7iu/xb5oKYcsFHSppFNnsj/52OVTRKb4zP5onXwVF3zVmmToNcOfGC+CRDpfK/U584fMg38ZHCaElKQ==}
    engines: {node: '>=7.0.0'}

  color-name@1.1.4:
    resolution: {integrity: sha512-dOy+3AuW3a2wNbZHIuMZpTcgjGuLU/uBL/ubcZF9OXbDo8ff4O8yVp5Bf0efS8uEoYo5q4Fx7dY9OgQGXgAsQA==}

  comma-separated-tokens@1.0.8:
    resolution: {integrity: sha512-GHuDRO12Sypu2cV70d1dkA2EUmXHgntrzbpvOB+Qy+49ypNfGgFQIC2fhhXbnyrJRynDCAARsT7Ou0M6hirpfw==}

  crypt@0.0.2:
    resolution: {integrity: sha512-mCxBlsHFYh9C+HVpiEacem8FEBnMXgU9gy4zmNC+SXAZNB/1idgp/aulFJ4FgCi7GPEVbfyng092GqL2k2rmow==}

  debug@4.4.3:
    resolution: {integrity: sha512-RGwwWnwQvkVfavKVt22FGLw+xYSdzARwm0ru6DhTVA3umU5hZc28V3kO4stgYryrTlLpuvgI9GiijltAjNbcqA==}
    engines: {node: '>=6.0'}
    peerDependencies:
      supports-color: '*'
    peerDependenciesMeta:
      supports-color:
        optional: true

  deep-is@0.1.4:
    resolution: {integrity: sha512-oIPzksmTg4/MriiaYGO+okXDT7ztn/w3Eptv/+gSIdMdKsJo0u4CfYNFJPy+4SKMuCqGw2wxnA+URMg3t8a/bQ==}

  diff@8.0.4:
    resolution: {integrity: sha512-DPi0FmjiSU5EvQV0++GFDOJ9ASQUVFh5kD+OzOnYdi7n3Wpm9hWWGfB/O2blfHcMVTL5WkQXSnRiK9makhrcnw==}
    engines: {node: '>=0.3.1'}

  doublearray@0.0.2:
    resolution: {integrity: sha512-aw55FtZzT6AmiamEj2kvmR6BuFqvYgKZUkfQ7teqVRNqD5UE0rw8IeW/3gieHNKQ5sPuDKlljWEn4bzv5+1bHw==}

  emoji-regex@8.0.0:
    resolution: {integrity: sha512-MSjYzcWNOA0ewAHpz0MxpYFvwg6yjy1NG3xteoqz644VCo/RPgnr1/GGt+ic3iJTzQ8Eu3TdM14SawnVUmGE6A==}

  escape-string-regexp@4.0.0:
    resolution: {integrity: sha512-TtpcNJ3XAzx3Gq8sWRzJaVajRs0uVxA2YAkdb1jm2YkPz4G6egUFAyA3n5vtEIZefPk5Wa4UXbKuS5fKkJWdgA==}
    engines: {node: '>=10'}

  extend@3.0.2:
    resolution: {integrity: sha512-fjquC59cD7CyW6urNXK0FBufkZcoiGG80wTuPujX590cB5Ttln20E2UB4S/WARVqhXffZl2LNgS+gQdPIIim/g==}

  fast-deep-equal@3.1.3:
    resolution: {integrity: sha512-f3qQ9oQy9j2AhBe/H9VC91wLmKBCCU/gDOnKNAYG5hswO7BLKj09Hc5HYNz9cGI++xlpDCIgDaitVs03ATR84Q==}

  fast-equals@4.0.3:
    resolution: {integrity: sha512-G3BSX9cfKttjr+2o1O22tYMLq0DPluZnYtq1rXumE1SpL/F/SLIfHx08WYQoWSIpeMYf8sRbJ8++71+v6Pnxfg==}

  fast-levenshtein@2.0.6:
    resolution: {integrity: sha512-DCXu6Ifhqcks7TZKY3Hxp3y6qphY5SJZmrWMDrKcERSOXWQdMhU9Ig/PYrzyw/ul9jOIyh0N4M0tbC5hodg8dw==}

  fast-uri@3.1.5:
    resolution: {integrity: sha512-gHwA1O9LDIcKunMKhObS/HimwtehO1nPUECKAu5TpKgaO19fcWEl4bliWe1jWxVFvIXztJjjQ4L8XQ1EU9f7Jw==}

  fault@1.0.4:
    resolution: {integrity: sha512-CJ0HCB5tL5fYTEA7ToAq5+kTwd++Borf1/bifxd9iT70QcXr4MRrO3Llf8Ifs70q+SJcGHFtnIE/Nw6giCtECA==}

  file-entry-cache@10.1.4:
    resolution: {integrity: sha512-5XRUFc0WTtUbjfGzEwXc42tiGxQHBmtbUG1h9L2apu4SulCGN3Hqm//9D6FAolf8MYNL7f/YlJl9vy08pj5JuA==}

  find-up-simple@1.0.1:
    resolution: {integrity: sha512-afd4O7zpqHeRyg4PfDQsXmlDe2PfdHtJt6Akt8jOWaApLOZk5JXs6VMR29lz03pRe9mpykrRCYIYxaJYcfpncQ==}
    engines: {node: '>=18'}

  flat-cache@6.1.23:
    resolution: {integrity: sha512-f++BY9pTk+983xK1FLzlLpmM0i0z+jHmx3QESGkURMXujQZz1k5wzwX6hjnQ8goaD0B+sYnDK1yZ6MTyZfUaqA==}

  flatted@3.4.4:
    resolution: {integrity: sha512-5+ybhBZANEJxaH3X5evAFatUxLfEHSr7n6kYJ+1Qd0mUqr4eu9gIf6GDbWHf8RJijHrjjO8G+la14SlL2SeS1Q==}

  format@0.2.2:
    resolution: {integrity: sha512-wzsgA6WOq+09wrU1tsJ09udeR/YZRaeArL9e1wPbFg3GG2yDnC2ldKpxs4xunpFF9DgqCqOIra3bc1HWrJ37Ww==}
    engines: {node: '>=0.4.x'}

  glob@13.0.6:
    resolution: {integrity: sha512-Wjlyrolmm8uDpm/ogGyXZXb1Z+Ca2B8NbJwqBVg0axK9GbBeoS7yGV6vjXnYdGm6X53iehEuxxbyiKp8QmN4Vw==}
    engines: {node: 18 || 20 || >=22}

  graceful-fs@4.2.11:
    resolution: {integrity: sha512-RbJ5/jmFcNNCcDV5o9eTnBLJ/HszWV0P73bc+Ff4nS/rJj+YaS6IGyiOL0VoBYX+l1Wrl3k63h/KrH+nhJ0XvQ==}

  hashery@1.5.1:
    resolution: {integrity: sha512-iZyKG96/JwPz1N55vj2Ie2vXbhu440zfUfJvSwEqEbeLluk7NnapfGqa7LH0mOsnDxTF85Mx8/dyR6HfqcbmbQ==}
    engines: {node: '>=20'}

  hast-util-from-parse5@5.0.3:
    resolution: {integrity: sha512-gOc8UB99F6eWVWFtM9jUikjN7QkWxB3nY0df5Z0Zq1/Nkwl5V4hAAsl0tmwlgWl/1shlTF8DnNYLO8X6wRV9pA==}

  hast-util-parse-selector@2.2.5:
    resolution: {integrity: sha512-7j6mrk/qqkSehsM92wQjdIgWM2/BW61u/53G6xmC8i1OmEdKLHbk419QKQUjz6LglWsfqoiHmyMRkP1BGjecNQ==}

  hastscript@5.1.2:
    resolution: {integrity: sha512-WlztFuK+Lrvi3EggsqOkQ52rKbxkXL3RwB6t5lwoa8QLMemoWfBuL43eDrwOamJyR7uKQKdmKYaBH1NZBiIRrQ==}

  hookified@1.15.1:
    resolution: {integrity: sha512-MvG/clsADq1GPM2KGo2nyfaWVyn9naPiXrqIe4jYjXNZQt238kWyOGrsyc/DmRAQ+Re6yeo6yX/yoNCG5KAEVg==}

  hookified@2.2.0:
    resolution: {integrity: sha512-p/LgFzRN5FeoD3DLS6bkUapeye6E4SI6yJs6KetENd18S+FBthqYq2amJUWpt5z0EQwwHemidjY5OqJGEKm5uA==}

  hosted-git-info@7.0.2:
    resolution: {integrity: sha512-puUZAUKT5m8Zzvs72XWy3HtvVbTWljRE66cP60bxJzAqf2DgICo7lYTY2IHUmLnNpjYvw5bvmoHvPc0QO2a62w==}
    engines: {node: ^16.14.0 || >=18.0.0}

  imurmurhash@0.1.4:
    resolution: {integrity: sha512-JmXMZ6wuvDmLiHEml9ykzqO6lwFbof0GG4IkcGaENdCRDDmMVnny7s5HsIgHCbaq0w2MyPhDqkhTUgS2LU2PHA==}
    engines: {node: '>=0.8.19'}

  index-to-position@1.2.0:
    resolution: {integrity: sha512-Yg7+ztRkqslMAS2iFaU+Oa4KTSidr63OsFGlOrJoW981kIYO3CGCS3wA95P1mUi/IVSJkn0D479KTJpVpvFNuw==}
    engines: {node: '>=18'}

  is-alphabetical@1.0.4:
    resolution: {integrity: sha512-DwzsA04LQ10FHTZuL0/grVDk4rFoVH1pjAToYwBrHSxcrBIGQuXrQMtD5U1b0U2XVgKZCTLLP8u2Qxqhy3l2Vg==}

  is-alphanumerical@1.0.4:
    resolution: {integrity: sha512-UzoZUr+XfVz3t3v4KyGEniVL9BDRoQtY7tOyrRybkVNjDFWyo1yhXNGrrBTQxp3ib9BLAWs7k2YKBQsFRkZG9A==}

  is-buffer@1.1.6:
    resolution: {integrity: sha512-NcdALwpXkTm5Zvvbk7owOUSvVvBKDgKP5/ewfXEznmQFfs4ZRmanOeKBTjRVjka3QFoN6XJ+9F3USqfHqTaU5w==}

  is-buffer@2.0.5:
    resolution: {integrity: sha512-i2R6zNFDwgEHJyQUtJEk0XFi1i0dPFn/oqjK3/vPCcDeJvW5NQ83V8QbicfF1SupOaB0h8ntgBC2YiE7dfyctQ==}
    engines: {node: '>=4'}

  is-decimal@1.0.4:
    resolution: {integrity: sha512-RGdriMmQQvZ2aqaQq3awNA6dCGtKpiDFcOzrTWrDAT2MiWrKQVPmxLGHl7Y2nNu6led0kEyoX0enY0qXYsv9zw==}

  is-fullwidth-code-point@3.0.0:
    resolution: {integrity: sha512-zymm5+u+sCsSWyD9qNaejV3DFvhCKclKdizYaJUuHA83RLjb7nSuGnddCHGv0hk+KY7BMAlsWeK4Ueg6EV6XQg==}
    engines: {node: '>=8'}

  is-hexadecimal@1.0.4:
    resolution: {integrity: sha512-gyPJuv83bHMpocVYoqof5VDiZveEoGoFL8m3BXNb2VW8Xs+rz9kqO8LOQ5DH6EsuvilT1ApazU0pyl+ytbPtlw==}

  is-plain-obj@2.1.0:
    resolution: {integrity: sha512-YWnfyRwxL/+SsrWYfOpUtz5b3YD+nyfkHvjbcanzk8zgyO4ASD67uVMRt8k5bM4lLMDnXfriRhOpemw+NfT1eA==}
    engines: {node: '>=8'}

  js-tokens@4.0.0:
    resolution: {integrity: sha512-RdJUflcE3cUzKiMqQgsCu06FPu9UdIJO0beYbPhHN4k6apgJtifcoCtT9bcxOpYBtpD2kCM6Sbzg4CausW/PKQ==}

  js-yaml@4.3.1:
    resolution: {integrity: sha512-CY6crGq313MX8GkwvB7tzgp99vjQxY1++5y10/BKN/GUfHqWaOGQMNZkBvqSzsZKWk/ijwHlWzzkLulsGHhjWQ==}
    hasBin: true

  json-schema-traverse@1.0.0:
    resolution: {integrity: sha512-NM8/P9n3XjXhIZn1lLhkFaACTOURQXjWhV4BA/RnOv8xvgqtqpAX9IO4mRQxSx1Rlo4tqzeqb0sOlruaOy3dug==}

  json5@2.2.3:
    resolution: {integrity: sha512-XmOWe7eyHYH14cLdVPoyg+GOH3rYX++KpzrylJwSW98t3Nk+U8XOl8FWKOgwtzdb8lXGf6zYwDUzeHMWfxasyg==}
    engines: {node: '>=6'}
    hasBin: true

  keyv@5.6.0:
    resolution: {integrity: sha512-CYDD3SOtsHtyXeEORYRx2qBtpDJFjRTGXUtmNEMGyzYOKj1TE3tycdlho7kA1Ufx9OYWZzg52QFBGALTirzDSw==}

  kuromoji@0.1.2:
    resolution: {integrity: sha512-V0dUf+C2LpcPEXhoHLMAop/bOht16Dyr+mDiIE39yX3vqau7p80De/koFqpiTcL1zzdZlc3xuHZ8u5gjYRfFaQ==}

  kuromojin@3.0.1:
    resolution: {integrity: sha512-E4rLmbTid8ZGH8Fw421UXvfgCe0IXGFKhUw/IosBVW6ootxVGKGbtb0UPQAvPswgsXX/8UuPiE+amz1NN11Uzg==}

  levn@0.4.1:
    resolution: {integrity: sha512-+bT2uH4E5LGE7h/n3evcS/sQlJXCpIp6ym8OWJ5eV6+67Dsql/LaaT7qJBAt2rzfoa/5QBGBhxDix1dMt2kQKQ==}
    engines: {node: '>= 0.8.0'}

  lodash.sortby@4.7.0:
    resolution: {integrity: sha512-HDWXG8isMntAyRF5vZ7xKuEvOhT4AhlRt/3czTSjvGUxjYCBVRQY48ViDHyfYz9VIoBkW4TMGQNapx+l3RUwdA==}

  lodash.truncate@4.4.2:
    resolution: {integrity: sha512-jttmRe7bRse52OsWIMDLaXxWqRAmtIUccAQ3garviCqJjafXOfNMO0yMfNpdD6zbGaTU0P5Nz7e7gAT6cKmJRw==}

  lodash.uniq@4.5.0:
    resolution: {integrity: sha512-xfBaXQd9ryd9dlSDvnvI0lvxfLJlYAZzXomUYzLKtUeOQvOP5piqAWuGtrhWeqaXK9hhoM/iyJc5AV+XfsX3HQ==}

  lodash.uniqwith@4.5.0:
    resolution: {integrity: sha512-7lYL8bLopMoy4CTICbxygAUq6CdRJ36vFc80DucPueUee+d5NBRxz3FdT9Pes/HEx5mPoT9jwnsEJWz1N7uq7Q==}

  lodash@4.18.1:
    resolution: {integrity: sha512-dMInicTPVE8d1e5otfwmmjlxkZoUpiVLwyeTdUsi/Caj/gfzzblBcCE5sRHV/AsjuCmxWrte2TNGSYuCeCq+0Q==}

  longest-streak@2.0.4:
    resolution: {integrity: sha512-vM6rUVCVUJJt33bnmHiZEvr7wPT78ztX7rojL+LW51bHtLh6HTjx84LA5W4+oa6aKEJA7jJu5LR6vQRBpA5DVg==}

  lru-cache@10.4.3:
    resolution: {integrity: sha512-JNAzZcXrCt42VGLuYz0zfAzDfAvJWW6AfYlDBQyDV5DClI2m5sAmK+OIO7s59XfsRsWHp02jAJrRadPRGTt6SQ==}

  lru-cache@11.5.2:
    resolution: {integrity: sha512-4pfM1Ff0x50o0tQwb5ucw/RzNyD0/YJME6IVcStalZuMWxdt3sR3huStTtxz4PUmvZfRguvDejasvQ2kifR11g==}
    engines: {node: 20 || >=22}

  lru_map@0.4.1:
    resolution: {integrity: sha512-I+lBvqMMFfqaV8CJCISjI3wbjmwVu/VyOoU7+qtu9d7ioW5klMgsTTiUOUp+DJvfTTzKXoPbyC6YfgkNcyPSOg==}

  markdown-table@2.0.0:
    resolution: {integrity: sha512-Ezda85ToJUBhM6WGaG6veasyym+Tbs3cMAw/ZhOPqXiYsr0jgocBV3j3nx+4lk47plLlIqjwuTm/ywVI+zjJ/A==}

  md5@2.3.0:
    resolution: {integrity: sha512-T1GITYmFaKuO91vxyoQMFETst+O71VUPEU3ze5GNzDm0OWdP8v1ziTaAEPUr/3kLsY3Sftgz242A1SetQiDL7g==}

  mdast-util-find-and-replace@1.1.1:
    resolution: {integrity: sha512-9cKl33Y21lyckGzpSmEQnIDjEfeeWelN5s1kUW1LwdB0Fkuq2u+4GdqcGEygYxJE8GVqCl0741bYXHgamfWAZA==}

  mdast-util-footnote@0.1.7:
    resolution: {integrity: sha512-QxNdO8qSxqbO2e3m09KwDKfWiLgqyCurdWTQ198NpbZ2hxntdc+VKS4fDJCmNWbAroUdYnSthu+XbZ8ovh8C3w==}

  mdast-util-from-markdown@0.8.5:
    resolution: {integrity: sha512-2hkTXtYYnr+NubD/g6KGBS/0mFmBcifAsI0yIWRiRo0PjVs6SSOSOdtzbp6kSGnShDN6G5aWZpKQ2lWRy27mWQ==}

  mdast-util-frontmatter@0.2.0:
    resolution: {integrity: sha512-FHKL4w4S5fdt1KjJCwB0178WJ0evnyyQr5kXTM3wrOVpytD0hrkvd+AOOjU9Td8onOejCkmZ+HQRT3CZ3coHHQ==}

  mdast-util-gfm-autolink-literal@0.1.3:
    resolution: {integrity: sha512-GjmLjWrXg1wqMIO9+ZsRik/s7PLwTaeCHVB7vRxUwLntZc8mzmTsLVr6HW1yLokcnhfURsn5zmSVdi3/xWWu1A==}

  mdast-util-gfm-strikethrough@0.2.3:
    resolution: {integrity: sha512-5OQLXpt6qdbttcDG/UxYY7Yjj3e8P7X16LzvpX8pIQPYJ/C2Z1qFGMmcw+1PZMUM3Z8wt8NRfYTvCni93mgsgA==}

  mdast-util-gfm-table@0.1.6:
    resolution: {integrity: sha512-j4yDxQ66AJSBwGkbpFEp9uG/LS1tZV3P33fN1gkyRB2LoRL+RR3f76m0HPHaby6F4Z5xr9Fv1URmATlRRUIpRQ==}

  mdast-util-gfm-task-list-item@0.1.6:
    resolution: {integrity: sha512-/d51FFIfPsSmCIRNp7E6pozM9z1GYPIkSy1urQ8s/o4TC22BZ7DqfHFWiqBD23bc7J3vV1Fc9O4QIHBlfuit8A==}

  mdast-util-gfm@0.1.2:
    resolution: {integrity: sha512-NNkhDx/qYcuOWB7xHUGWZYVXvjPFFd6afg6/e2g+SV4r9q5XUcCbV4Wfa3DLYIiD+xAEZc6K4MGaE/m0KDcPwQ==}

  mdast-util-to-markdown@0.6.5:
    resolution: {integrity: sha512-XeV9sDE7ZlOQvs45C9UKMtfTcctcaj/pGwH8YLbMHoMOXNNCn2LsqVQOqrF1+/NU8lKDAqozme9SCXWyo9oAcQ==}

  mdast-util-to-string@2.0.0:
    resolution: {integrity: sha512-AW4DRS3QbBayY/jJmD8437V1Gombjf8RSOUCMFBuo5iHi58AGEgVCKQ+ezHkZZDpAQS75hcBMpLqjpJTjtUL7w==}

  micromark-extension-footnote@0.3.2:
    resolution: {integrity: sha512-gr/BeIxbIWQoUm02cIfK7mdMZ/fbroRpLsck4kvFtjbzP4yi+OPVbnukTc/zy0i7spC2xYE/dbX1Sur8BEDJsQ==}

  micromark-extension-frontmatter@0.2.2:
    resolution: {integrity: sha512-q6nPLFCMTLtfsctAuS0Xh4vaolxSFUWUWR6PZSrXXiRy+SANGllpcqdXFv2z07l0Xz/6Hl40hK0ffNCJPH2n1A==}

  micromark-extension-gfm-autolink-literal@0.5.7:
    resolution: {integrity: sha512-ePiDGH0/lhcngCe8FtH4ARFoxKTUelMp4L7Gg2pujYD5CSMb9PbblnyL+AAMud/SNMyusbS2XDSiPIRcQoNFAw==}

  micromark-extension-gfm-strikethrough@0.6.5:
    resolution: {integrity: sha512-PpOKlgokpQRwUesRwWEp+fHjGGkZEejj83k9gU5iXCbDG+XBA92BqnRKYJdfqfkrRcZRgGuPuXb7DaK/DmxOhw==}

  micromark-extension-gfm-table@0.4.3:
    resolution: {integrity: sha512-hVGvESPq0fk6ALWtomcwmgLvH8ZSVpcPjzi0AjPclB9FsVRgMtGZkUcpE0zgjOCFAznKepF4z3hX8z6e3HODdA==}

  micromark-extension-gfm-tagfilter@0.3.0:
    resolution: {integrity: sha512-9GU0xBatryXifL//FJH+tAZ6i240xQuFrSL7mYi8f4oZSbc+NvXjkrHemeYP0+L4ZUT+Ptz3b95zhUZnMtoi/Q==}

  micromark-extension-gfm-task-list-item@0.3.3:
    resolution: {integrity: sha512-0zvM5iSLKrc/NQl84pZSjGo66aTGd57C1idmlWmE87lkMcXrTxg1uXa/nXomxJytoje9trP0NDLvw4bZ/Z/XCQ==}

  micromark-extension-gfm@0.3.3:
    resolution: {integrity: sha512-oVN4zv5/tAIA+l3GbMi7lWeYpJ14oQyJ3uEim20ktYFAcfX1x3LNlFGGlmrZHt7u9YlKExmyJdDGaTt6cMSR/A==}

  micromark@2.11.4:
    resolution: {integrity: sha512-+WoovN/ppKolQOFIAajxi7Lu9kInbPxFuTBVEavFcL8eAfVstoc5MocPmqBeAdBOJV00uaVjegzH4+MA0DN/uA==}

  minimatch@10.2.6:
    resolution: {integrity: sha512-vpLQEs+VLCr1nU0BXS07maYoFwlDAH0gngQuuttxIwutDFEMHq2blX+8vpgxDdK3J1PwjCJiep77OitTZ4Ll1A==}
    engines: {node: 18 || 20 || >=22}

  minipass@7.1.3:
    resolution: {integrity: sha512-tEBHqDnIoM/1rXME1zgka9g6Q2lcoCkxHLuc7ODJ5BxbP5d4c2Z5cGgtXAku59200Cx7diuHTOYfSBD8n6mm8A==}
    engines: {node: '>=16 || 14 >=14.17'}

  ms@2.1.3:
    resolution: {integrity: sha512-6FlzubTLZG3J2a/NVCAleEhjzq5oxgHyaCU9yYXvcLsvoVaHJq/s5xXI6/XXP6tz7R9xAOtHnSO/tXtF3WRTlA==}

  neotraverse@0.6.18:
    resolution: {integrity: sha512-Z4SmBUweYa09+o6pG+eASabEpP6QkQ70yHj351pQoEXIs8uHbaU2DWVmzBANKgflPa47A50PtB2+NgRpQvr7vA==}
    engines: {node: '>= 10'}

  node-localstorage@2.2.1:
    resolution: {integrity: sha512-vv8fJuOUCCvSPjDjBLlMqYMHob4aGjkmrkaE42/mZr0VT+ZAU10jRF8oTnX9+pgU9/vYJ8P7YT3Vd6ajkmzSCw==}
    engines: {node: '>=0.12'}

  normalize-package-data@6.0.2:
    resolution: {integrity: sha512-V6gygoYb/5EmNI+MEGrWkC+e6+Rr7mTmfHrxDbLzxQogBkgzo76rkok0Am6thgSF7Mv2nLOajAJj5vDJZEFn7g==}
    engines: {node: ^16.14.0 || >=18.0.0}

  optionator@0.9.4:
    resolution: {integrity: sha512-6IpQ7mKUxRcZNLIObR0hz7lxsapSSIYNZJwXPGeF0mTVqGKFIXj1DQcMoT22S3ROcLyY/rz0PWaWZ9ayWmad9g==}
    engines: {node: '>= 0.8.0'}

  parse-entities@2.0.0:
    resolution: {integrity: sha512-kkywGpCcRYhqQIchaWqZ875wzpS/bMKhz5HnN3p7wveJTkTtyAB/AlnS0f8DFSqYW1T82t6yEAkEcB+A1I3MbQ==}

  parse-json@8.3.0:
    resolution: {integrity: sha512-ybiGyvspI+fAoRQbIPRddCcSTV9/LsJbf0e/S85VLowVGzRmokfneg2kwVW/KU5rOXrPSbF1qAKPMgNTqqROQQ==}
    engines: {node: '>=18'}

  parse5@5.1.1:
    resolution: {integrity: sha512-ugq4DFI0Ptb+WWjAdOK16+u/nHfiIrcE+sh8kZMaM0WllQKLI9rOUq6c2b7cwPkXdzfQESqvoqK6ug7U/Yyzug==}

  path-scurry@2.0.2:
    resolution: {integrity: sha512-3O/iVVsJAPsOnpwWIeD+d6z/7PmqApyQePUtCndjatj/9I5LylHvt5qluFaBT3I5h3r1ejfR056c+FCv+NnNXg==}
    engines: {node: 18 || 20 || >=22}

  path-to-glob-pattern@2.0.1:
    resolution: {integrity: sha512-tmciSlVyHnX0LC86+zSr+0LURw9rDPw8ilhXcmTpVUOnI6OsKdCzXQs5fTG10Bjz26IBdnKL3XIaP+QvGsk5YQ==}

  picocolors@1.1.1:
    resolution: {integrity: sha512-xceH2snhtb5M9liqDsmEw56le376mTZkEX/jEb/RxNFyegNul7eNslCXP9FDj/Lcu0X8KEyMceP2ntpaHrDEVA==}

  pluralize@2.0.0:
    resolution: {integrity: sha512-TqNZzQCD4S42De9IfnnBvILN7HAW7riLqsCyp8lgjXeysyPlX5HhqKAcJHHHb9XskE4/a+7VGC9zzx8Ls0jOAw==}

  prelude-ls@1.2.1:
    resolution: {integrity: sha512-vkcDPrRZo1QZLbn5RLGPpg/WmIQ65qoWWhcGKf/b5eplkkarX0m9z8ppCat4mlOqUsWpyNuYgO3VRyrYHSzX5g==}
    engines: {node: '>= 0.8.0'}

  property-information@5.6.0:
    resolution: {integrity: sha512-YUHSPk+A30YPv+0Qf8i9Mbfe/C0hdPXk1s1jPVToV8pk8BQtpw10ct89Eo7OWkutrwqvT0eicAxlOg3dOAu8JA==}

  qified@0.10.1:
    resolution: {integrity: sha512-+Owyggi9IxT1ePKGafcI87ubSmxol6smwJ+RAHDQlx9+9cPwFWDiKFFCPuWhr9ignlGpZ9vDQLw67N4dcTVFEA==}
    engines: {node: '>=20'}

  rc-config-loader@4.1.4:
    resolution: {integrity: sha512-3GiwEzklkbXTDp52UR5nT8iXgYAx1V9ZG/kDZT7p60u2GCv2XTwQq4NzinMoMpNtXhmt3WkhYXcj6HH8HdwCEQ==}

  read-package-up@11.0.0:
    resolution: {integrity: sha512-MbgfoNPANMdb4oRBNg5eqLbB2t2r+o5Ua1pNt8BqGp4I0FJZhuVSOj3PaBPni4azWuSzEdNn2evevzVmEk1ohQ==}
    engines: {node: '>=18'}

  read-pkg@9.0.1:
    resolution: {integrity: sha512-9viLL4/n1BJUCT1NXVTdS1jtm80yDEgR5T4yCelII49Mbj0v1rZdKqj7zCiYdbB0CuCgdrvHcNogAKTFPBocFA==}
    engines: {node: '>=18'}

  rehype-parse@6.0.2:
    resolution: {integrity: sha512-0S3CpvpTAgGmnz8kiCyFLGuW5yA4OQhyNTm/nwPopZ7+PI11WnGl1TTWTGv/2hPEe/g2jRLlhVVSsoDH8waRug==}

  remark-footnotes@3.0.0:
    resolution: {integrity: sha512-ZssAvH9FjGYlJ/PBVKdSmfyPc3Cz4rTWgZLI4iE/SX8Nt5l3o3oEjv3wwG5VD7xOjktzdwp5coac+kJV9l4jgg==}

  remark-frontmatter@3.0.0:
    resolution: {integrity: sha512-mSuDd3svCHs+2PyO29h7iijIZx4plX0fheacJcAoYAASfgzgVIcXGYSq9GFyYocFLftQs8IOmmkgtOovs6d4oA==}

  remark-gfm@1.0.0:
    resolution: {integrity: sha512-KfexHJCiqvrdBZVbQ6RopMZGwaXz6wFJEfByIuEwGf0arvITHjiKKZ1dpXujjH9KZdm1//XJQwgfnJ3lmXaDPA==}

  remark-parse@9.0.0:
    resolution: {integrity: sha512-geKatMwSzEXKHuzBNU1z676sGcDcFoChMK38TgdHJNAYfFtsfHDQG7MoJAjs6sgYMqyLduCYWDIWZIxiPeafEw==}

  repeat-string@1.6.1:
    resolution: {integrity: sha512-PV0dzCYDNfRi1jCDbJzpW7jNNDRuCOG/jI5ctQcGKt/clZD+YcPS3yIlWuTJMmESC8aevCFmWJy5wjAFgNqN6w==}
    engines: {node: '>=0.10'}

  require-from-string@2.0.2:
    resolution: {integrity: sha512-Xf0nWe6RseziFMu+Ap9biiUbmplq6S9/p+7w7YXP/JBHhrUDDUhwa+vANyubuqfZWTveU//DYVGsDG7RKL/vEw==}
    engines: {node: '>=0.10.0'}

  semver@7.8.5:
    resolution: {integrity: sha512-Y7/KDsb8LjooZpwaqGyulO6DQlksgCncchHGk+sZIY4SBvUocMBEFH5Ur1fI4dV+Jvl0w6cjvucaIi40puRioA==}
    engines: {node: '>=10'}
    hasBin: true

  slice-ansi@4.0.0:
    resolution: {integrity: sha512-qMCMfhY040cVHT43K9BFygqYbUPFZKHOg7K73mtTWJRb8pyP3fzf4Ixd5SzdEJQ6MRUg/WBnOLxghZtKKurENQ==}
    engines: {node: '>=10'}

  slide@1.1.6:
    resolution: {integrity: sha512-NwrtjCg+lZoqhFU8fOwl4ay2ei8PaqCBOUV3/ektPY9trO1yQ1oXEfmHAhKArUVUr/hOHvy5f6AdP17dCM0zMw==}

  space-separated-tokens@1.1.5:
    resolution: {integrity: sha512-q/JSVd1Lptzhf5bkYm4ob4iWPjx0KiRe3sRFBNrVqbJkFaBm5vbbowy1mymoPNLRa52+oadOhJ+K49wsSeSjTA==}

  spdx-correct@3.2.0:
    resolution: {integrity: sha512-kN9dJbvnySHULIluDHy32WHRUu3Og7B9sbY7tsFLctQkIqnMh3hErYgdMjTYuqmcXX+lK5T1lnUt3G7zNswmZA==}

  spdx-exceptions@2.5.0:
    resolution: {integrity: sha512-PiU42r+xO4UbUS1buo3LPJkjlO7430Xn5SVAhdpzzsPHsjbYVflnnFdATgabnLude+Cqu25p6N+g2lw/PFsa4w==}

  spdx-expression-parse@3.0.1:
    resolution: {integrity: sha512-cbqHunsQWnJNE6KhVSMsMeH5H/L9EpymbzqTQ3uLwNCLZ1Q481oWaofqH7nO6V07xlXwY6PhQdQ2IedWx/ZK4Q==}

  spdx-license-ids@3.0.23:
    resolution: {integrity: sha512-CWLcCCH7VLu13TgOH+r8p1O/Znwhqv/dbb6lqWy67G+pT1kHmeD/+V36AVb/vq8QMIQwVShJ6Ssl5FPh0fuSdw==}

  string-width@4.2.3:
    resolution: {integrity: sha512-wKyQRQpjJ0sIp62ErSZdGsjMJWsap5oRNihHhu6G7JVO/9jIB6UyevL+tXuOqrng8j/cxKTWyWUwvSTriiZz/g==}
    engines: {node: '>=8'}

  strip-ansi@6.0.1:
    resolution: {integrity: sha512-Y38VPSHcqkFrCpFnQ9vuSXmquuv5oXOKpGeT6aGrr3o3Gc9AlVa6JBfUSOCnbxGGZF+/0ooI7KrPuUSztUdU5A==}
    engines: {node: '>=8'}

  structured-source@4.0.0:
    resolution: {integrity: sha512-qGzRFNJDjFieQkl/sVOI2dUjHKRyL9dAJi2gCPGJLbJHBIkyOHxjuocpIEfbLioX+qSJpvbYdT49/YCdMznKxA==}

  table@6.9.0:
    resolution: {integrity: sha512-9kY+CygyYM6j02t5YFHbNz2FN5QmYGv9zAjVp4lCDjlCw7amdckXlEt/bjMhUIfj4ThGRE4gCUH5+yGnNuPo5A==}
    engines: {node: '>=10.0.0'}

  text-table@0.2.0:
    resolution: {integrity: sha512-N+8UisAXDGk8PFXP4HAzVR9nbfmVJ3zYLAWiTIoqC5v5isinhr+r5uaO8+7r3BMfuNIufIsA7RdpVgacC2cSpw==}

  textlint-util-to-string@3.3.4:
    resolution: {integrity: sha512-XF4Qfw0ES+czKy03BwuvBUoXC8NAg920VuRxW0pd72fW76zMeMbPI/bRN5PHq3SbCdOm7U69/Pk+DX34xqIYqA==}

  textlint@15.8.0:
    resolution: {integrity: sha512-3xE8MknztkpEC5MYDO1lXhUDXx+uq45gdvZB16Xh80rX148NgUehSyWCc5ir2SBW0KVpzRRgU3EWAJZqsBfqtA==}
    engines: {node: '>=20.18.0'}
    hasBin: true

  trough@1.0.5:
    resolution: {integrity: sha512-rvuRbTarPXmMb79SmzEp8aqXNKcK+y0XaB298IXueQ8I2PsrATcPBCSPyK/dDNa2iWOhKlfNnOjdAOTBU/nkFA==}

  type-check@0.4.0:
    resolution: {integrity: sha512-XleUoc9uwGXqjWwXaUTZAmzMcFZ5858QA2vvx1Ur5xIcixXIP+8LnFDgRplU30us6teqdlskFfu+ae4K79Ooew==}
    engines: {node: '>= 0.8.0'}

  type-fest@4.41.0:
    resolution: {integrity: sha512-TeTSQ6H5YHvpqVwBRcnLDCBnDOHWYu7IvGbHT6N8AOymcr9PJGjc1GTtiWZTYg0NCgYwvnYWEkVChQAr9bjfwA==}
    engines: {node: '>=16'}

  unicorn-magic@0.1.0:
    resolution: {integrity: sha512-lRfVq8fE8gz6QMBuDM6a+LO3IAzTi05H6gCVaUpir2E1Rwpo4ZUog45KpNXKC/Mn3Yb9UDuHumeFTo9iV/D9FQ==}
    engines: {node: '>=18'}

  unified@8.4.2:
    resolution: {integrity: sha512-JCrmN13jI4+h9UAyKEoGcDZV+i1E7BLFuG7OsaDvTXI5P0qhHX+vZO/kOhz9jn8HGENDKbwSeB0nVOg4gVStGA==}

  unified@9.2.2:
    resolution: {integrity: sha512-Sg7j110mtefBD+qunSLO1lqOEKdrwBFBrR6Qd8f4uwkhWNlbkaqwHse6e7QvD3AP/MNoJdEDLaf8OxYyoWgorQ==}

  unist-util-is@4.1.0:
    resolution: {integrity: sha512-ZOQSsnce92GrxSqlnEEseX0gi7GH9zTJZ0p9dtu87WRb/37mMPO2Ilx1s/t9vBHrFhbgweUwb+t7cIn5dxPhZg==}

  unist-util-stringify-position@2.0.3:
    resolution: {integrity: sha512-3faScn5I+hy9VleOq/qNbAd6pAx7iH5jYBMS9I1HgQVijz/4mv5Bvw5iw1sC/90CODiKo81G/ps8AJrISn687g==}

  unist-util-visit-parents@3.1.1:
    resolution: {integrity: sha512-1KROIZWo6bcMrZEwiH2UrXDyalAa0uqzWCxCJj6lPOvTve2WkfgCytoDTPaMnodXh1WrXOq0haVYHj99ynJlsg==}

  validate-npm-package-license@3.0.4:
    resolution: {integrity: sha512-DpKm2Ui/xN7/HQKCtpZxoRWBhZ9Z0kqtygG8XCgNQ8ZlDnxuQmWhj566j8fN4Cu3/JmbhsDo7fcAJq4s9h27Ew==}

  vfile-message@2.0.4:
    resolution: {integrity: sha512-DjssxRGkMvifUOJre00juHoP9DPWuzjxKuMDrhNbk2TdaYYBNMStsNhEOt3idrtI12VQYM/1+iM0KOzXi4pxwQ==}

  vfile@4.2.1:
    resolution: {integrity: sha512-O6AE4OskCG5S1emQ/4gl8zK586RqA3srz3nfK/Viy0UPToBc5Trp9BVFb1u0CjsKrAWwnpr4ifM/KBXPWwJbCA==}

  web-namespaces@1.1.4:
    resolution: {integrity: sha512-wYxSGajtmoP4WxfejAPIr4l0fVh+jeMXZb08wNc0tMg6xsfZXj3cECqIK0G7ZAqUq0PP8WlMDtaOGVBTAWztNw==}

  word-wrap@1.2.5:
    resolution: {integrity: sha512-BN22B5eaMMI9UMtjrGd5g5eCYPpCPDUy0FJXbYsaT5zYxjFOckS53SQDE3pWkVoWpHXVb3BrYcEN4Twa55B5cA==}
    engines: {node: '>=0.10.0'}

  write-file-atomic@1.3.4:
    resolution: {integrity: sha512-SdrHoC/yVBPpV0Xq/mUZQIpW2sWXAShb/V4pomcJXh92RuaO+f3UTWItiR3Px+pLnV2PvC2/bfn5cwr5X6Vfxw==}

  xtend@4.0.2:
    resolution: {integrity: sha512-LKYU1iAXJXUgAXn9URjiu+MWhyUXHsvfp7mcuYm9dSUKK0/CjtrUwFAxD82/mCWbtLsGjFIad0wIsod4zrTAEQ==}
    engines: {node: '>=0.4'}

  zlibjs@0.3.1:
    resolution: {integrity: sha512-+J9RrgTKOmlxFSDHo0pI1xM6BLVUv+o0ZT9ANtCxGkjIVCCUdx9alUF8Gm+dGLKbkkkidWIHFDZHDMpfITt4+w==}

  zod@4.4.3:
    resolution: {integrity: sha512-ytENFjIJFl2UwYglde2jchW2Hwm4GJFLDiSXWdTrJQBIN9Fcyp7n4DhxJEiWNAJMV1/BqWfW/kkg71UDcHJyTQ==}

  zwitch@1.0.5:
    resolution: {integrity: sha512-V50KMwwzqJV0NpZIZFwfOD5/lyny3WlSzRiXgA0G7VUnRlqttta1L6UQIHzd6EuBY/cHGfwTIck7w1yH6Q5zUw==}

snapshots:

  '@azu/format-text@1.0.2': {}

  '@azu/style-format@1.0.1':
    dependencies:
      '@azu/format-text': 1.0.2

  '@babel/code-frame@7.29.7':
    dependencies:
      '@babel/helper-validator-identifier': 7.29.7
      js-tokens: 4.0.0
      picocolors: 1.1.1

  '@babel/helper-validator-identifier@7.29.7': {}

  '@cacheable/memory@2.2.0':
    dependencies:
      '@cacheable/utils': 2.5.0
      '@keyv/bigmap': 1.3.1(keyv@5.6.0)
      hookified: 1.15.1
      keyv: 5.6.0

  '@cacheable/utils@2.5.0':
    dependencies:
      hashery: 1.5.1
      keyv: 5.6.0

  '@keyv/bigmap@1.3.1(keyv@5.6.0)':
    dependencies:
      hashery: 1.5.1
      hookified: 1.15.1
      keyv: 5.6.0

  '@keyv/serialize@1.1.1': {}

  '@kvs/env@2.2.2':
    dependencies:
      '@kvs/indexeddb': 2.2.2
      '@kvs/node-localstorage': 2.2.2
      '@kvs/storage': 2.2.2
      '@kvs/types': 2.2.2

  '@kvs/indexeddb@2.2.2':
    dependencies:
      '@kvs/storage': 2.2.2
      '@kvs/types': 2.2.2

  '@kvs/node-localstorage@2.2.2':
    dependencies:
      '@kvs/storage': 2.2.2
      '@kvs/types': 2.2.2
      app-root-path: 3.1.0
      node-localstorage: 2.2.1

  '@kvs/storage@2.2.2':
    dependencies:
      '@kvs/types': 2.2.2

  '@kvs/types@2.2.2': {}

  '@modelcontextprotocol/core@2.0.0':
    dependencies:
      zod: 4.4.3

  '@modelcontextprotocol/server@2.0.0':
    dependencies:
      '@modelcontextprotocol/core': 2.0.0
      zod: 4.4.3

  '@textlint-ja/textlint-rule-preset-ai-writing@1.7.0':
    dependencies:
      '@textlint/regexp-string-matcher': 2.0.2
      kuromojin: 3.0.1
      textlint-util-to-string: 3.3.4

  '@textlint/ast-node-types@13.4.1': {}

  '@textlint/ast-node-types@15.8.0': {}

  '@textlint/ast-tester@15.8.0':
    dependencies:
      '@textlint/ast-node-types': 15.8.0
      debug: 4.4.3
    transitivePeerDependencies:
      - supports-color

  '@textlint/ast-traverse@15.8.0':
    dependencies:
      '@textlint/ast-node-types': 15.8.0

  '@textlint/config-loader@15.8.0':
    dependencies:
      '@textlint/kernel': 15.8.0
      '@textlint/module-interop': 15.8.0
      '@textlint/resolver': 15.8.0
      '@textlint/types': 15.8.0
      '@textlint/utils': 15.8.0
      debug: 4.4.3
      rc-config-loader: 4.1.4
    transitivePeerDependencies:
      - supports-color

  '@textlint/feature-flag@15.8.0': {}

  '@textlint/fixer-formatter@15.8.0':
    dependencies:
      '@textlint/module-interop': 15.8.0
      '@textlint/resolver': 15.8.0
      '@textlint/types': 15.8.0
      debug: 4.4.3
      diff: 8.0.4
      string-width: 4.2.3
      strip-ansi: 6.0.1
      text-table: 0.2.0
    transitivePeerDependencies:
      - supports-color

  '@textlint/kernel@15.8.0':
    dependencies:
      '@textlint/ast-node-types': 15.8.0
      '@textlint/ast-tester': 15.8.0
      '@textlint/ast-traverse': 15.8.0
      '@textlint/feature-flag': 15.8.0
      '@textlint/source-code-fixer': 15.8.0
      '@textlint/types': 15.8.0
      '@textlint/utils': 15.8.0
      debug: 4.4.3
      fast-equals: 4.0.3
      structured-source: 4.0.0
    transitivePeerDependencies:
      - supports-color

  '@textlint/linter-formatter@15.8.0':
    dependencies:
      '@azu/format-text': 1.0.2
      '@azu/style-format': 1.0.1
      '@textlint/module-interop': 15.8.0
      '@textlint/resolver': 15.8.0
      '@textlint/types': 15.8.0
      debug: 4.4.3
      js-yaml: 4.3.1
      lodash: 4.18.1
      pluralize: 2.0.0
      string-width: 4.2.3
      strip-ansi: 6.0.1
      table: 6.9.0
      text-table: 0.2.0
    transitivePeerDependencies:
      - supports-color

  '@textlint/markdown-to-ast@15.8.0':
    dependencies:
      '@textlint/ast-node-types': 15.8.0
      debug: 4.4.3
      mdast-util-gfm-autolink-literal: 0.1.3
      neotraverse: 0.6.18
      remark-footnotes: 3.0.0
      remark-frontmatter: 3.0.0
      remark-gfm: 1.0.0
      remark-parse: 9.0.0
      structured-source: 4.0.0
      unified: 9.2.2
    transitivePeerDependencies:
      - supports-color

  '@textlint/module-interop@15.8.0': {}

  '@textlint/regexp-string-matcher@2.0.2':
    dependencies:
      escape-string-regexp: 4.0.0
      lodash.sortby: 4.7.0
      lodash.uniq: 4.5.0
      lodash.uniqwith: 4.5.0

  '@textlint/resolver@15.8.0': {}

  '@textlint/source-code-fixer@15.8.0':
    dependencies:
      '@textlint/types': 15.8.0
      debug: 4.4.3
    transitivePeerDependencies:
      - supports-color

  '@textlint/text-to-ast@15.8.0':
    dependencies:
      '@textlint/ast-node-types': 15.8.0

  '@textlint/textlint-plugin-markdown@15.8.0':
    dependencies:
      '@textlint/markdown-to-ast': 15.8.0
      '@textlint/types': 15.8.0
    transitivePeerDependencies:
      - supports-color

  '@textlint/textlint-plugin-text@15.8.0':
    dependencies:
      '@textlint/text-to-ast': 15.8.0
      '@textlint/types': 15.8.0

  '@textlint/types@15.8.0':
    dependencies:
      '@textlint/ast-node-types': 15.8.0

  '@textlint/utils@15.8.0': {}

  '@types/mdast@3.0.15':
    dependencies:
      '@types/unist': 2.0.11

  '@types/normalize-package-data@2.4.4': {}

  '@types/unist@2.0.11': {}

  ajv@8.20.0:
    dependencies:
      fast-deep-equal: 3.1.3
      fast-uri: 3.1.5
      json-schema-traverse: 1.0.0
      require-from-string: 2.0.2

  ansi-regex@5.0.1: {}

  ansi-styles@4.3.0:
    dependencies:
      color-convert: 2.0.1

  app-root-path@3.1.0: {}

  argparse@2.0.1: {}

  astral-regex@2.0.0: {}

  async@2.6.4:
    dependencies:
      lodash: 4.18.1

  bail@1.0.5: {}

  balanced-match@4.0.4: {}

  boundary@2.0.0: {}

  brace-expansion@5.0.9:
    dependencies:
      balanced-match: 4.0.4

  cacheable@2.5.0:
    dependencies:
      '@cacheable/memory': 2.2.0
      '@cacheable/utils': 2.5.0
      hookified: 1.15.1
      keyv: 5.6.0
      qified: 0.10.1

  ccount@1.1.0: {}

  character-entities-legacy@1.1.4: {}

  character-entities@1.2.4: {}

  character-reference-invalid@1.1.4: {}

  charenc@0.0.2: {}

  color-convert@2.0.1:
    dependencies:
      color-name: 1.1.4

  color-name@1.1.4: {}

  comma-separated-tokens@1.0.8: {}

  crypt@0.0.2: {}

  debug@4.4.3:
    dependencies:
      ms: 2.1.3

  deep-is@0.1.4: {}

  diff@8.0.4: {}

  doublearray@0.0.2: {}

  emoji-regex@8.0.0: {}

  escape-string-regexp@4.0.0: {}

  extend@3.0.2: {}

  fast-deep-equal@3.1.3: {}

  fast-equals@4.0.3: {}

  fast-levenshtein@2.0.6: {}

  fast-uri@3.1.5: {}

  fault@1.0.4:
    dependencies:
      format: 0.2.2

  file-entry-cache@10.1.4:
    dependencies:
      flat-cache: 6.1.23

  find-up-simple@1.0.1: {}

  flat-cache@6.1.23:
    dependencies:
      cacheable: 2.5.0
      flatted: 3.4.4
      hookified: 1.15.1

  flatted@3.4.4: {}

  format@0.2.2: {}

  glob@13.0.6:
    dependencies:
      minimatch: 10.2.6
      minipass: 7.1.3
      path-scurry: 2.0.2

  graceful-fs@4.2.11: {}

  hashery@1.5.1:
    dependencies:
      hookified: 1.15.1

  hast-util-from-parse5@5.0.3:
    dependencies:
      ccount: 1.1.0
      hastscript: 5.1.2
      property-information: 5.6.0
      web-namespaces: 1.1.4
      xtend: 4.0.2

  hast-util-parse-selector@2.2.5: {}

  hastscript@5.1.2:
    dependencies:
      comma-separated-tokens: 1.0.8
      hast-util-parse-selector: 2.2.5
      property-information: 5.6.0
      space-separated-tokens: 1.1.5

  hookified@1.15.1: {}

  hookified@2.2.0: {}

  hosted-git-info@7.0.2:
    dependencies:
      lru-cache: 10.4.3

  imurmurhash@0.1.4: {}

  index-to-position@1.2.0: {}

  is-alphabetical@1.0.4: {}

  is-alphanumerical@1.0.4:
    dependencies:
      is-alphabetical: 1.0.4
      is-decimal: 1.0.4

  is-buffer@1.1.6: {}

  is-buffer@2.0.5: {}

  is-decimal@1.0.4: {}

  is-fullwidth-code-point@3.0.0: {}

  is-hexadecimal@1.0.4: {}

  is-plain-obj@2.1.0: {}

  js-tokens@4.0.0: {}

  js-yaml@4.3.1:
    dependencies:
      argparse: 2.0.1

  json-schema-traverse@1.0.0: {}

  json5@2.2.3: {}

  keyv@5.6.0:
    dependencies:
      '@keyv/serialize': 1.1.1

  kuromoji@0.1.2:
    dependencies:
      async: 2.6.4
      doublearray: 0.0.2
      zlibjs: 0.3.1

  kuromojin@3.0.1:
    dependencies:
      '@kvs/env': 2.2.2
      kuromoji: 0.1.2
      lru_map: 0.4.1

  levn@0.4.1:
    dependencies:
      prelude-ls: 1.2.1
      type-check: 0.4.0

  lodash.sortby@4.7.0: {}

  lodash.truncate@4.4.2: {}

  lodash.uniq@4.5.0: {}

  lodash.uniqwith@4.5.0: {}

  lodash@4.18.1: {}

  longest-streak@2.0.4: {}

  lru-cache@10.4.3: {}

  lru-cache@11.5.2: {}

  lru_map@0.4.1: {}

  markdown-table@2.0.0:
    dependencies:
      repeat-string: 1.6.1

  md5@2.3.0:
    dependencies:
      charenc: 0.0.2
      crypt: 0.0.2
      is-buffer: 1.1.6

  mdast-util-find-and-replace@1.1.1:
    dependencies:
      escape-string-regexp: 4.0.0
      unist-util-is: 4.1.0
      unist-util-visit-parents: 3.1.1

  mdast-util-footnote@0.1.7:
    dependencies:
      mdast-util-to-markdown: 0.6.5
      micromark: 2.11.4
    transitivePeerDependencies:
      - supports-color

  mdast-util-from-markdown@0.8.5:
    dependencies:
      '@types/mdast': 3.0.15
      mdast-util-to-string: 2.0.0
      micromark: 2.11.4
      parse-entities: 2.0.0
      unist-util-stringify-position: 2.0.3
    transitivePeerDependencies:
      - supports-color

  mdast-util-frontmatter@0.2.0:
    dependencies:
      micromark-extension-frontmatter: 0.2.2

  mdast-util-gfm-autolink-literal@0.1.3:
    dependencies:
      ccount: 1.1.0
      mdast-util-find-and-replace: 1.1.1
      micromark: 2.11.4
    transitivePeerDependencies:
      - supports-color

  mdast-util-gfm-strikethrough@0.2.3:
    dependencies:
      mdast-util-to-markdown: 0.6.5

  mdast-util-gfm-table@0.1.6:
    dependencies:
      markdown-table: 2.0.0
      mdast-util-to-markdown: 0.6.5

  mdast-util-gfm-task-list-item@0.1.6:
    dependencies:
      mdast-util-to-markdown: 0.6.5

  mdast-util-gfm@0.1.2:
    dependencies:
      mdast-util-gfm-autolink-literal: 0.1.3
      mdast-util-gfm-strikethrough: 0.2.3
      mdast-util-gfm-table: 0.1.6
      mdast-util-gfm-task-list-item: 0.1.6
      mdast-util-to-markdown: 0.6.5
    transitivePeerDependencies:
      - supports-color

  mdast-util-to-markdown@0.6.5:
    dependencies:
      '@types/unist': 2.0.11
      longest-streak: 2.0.4
      mdast-util-to-string: 2.0.0
      parse-entities: 2.0.0
      repeat-string: 1.6.1
      zwitch: 1.0.5

  mdast-util-to-string@2.0.0: {}

  micromark-extension-footnote@0.3.2:
    dependencies:
      micromark: 2.11.4
    transitivePeerDependencies:
      - supports-color

  micromark-extension-frontmatter@0.2.2:
    dependencies:
      fault: 1.0.4

  micromark-extension-gfm-autolink-literal@0.5.7:
    dependencies:
      micromark: 2.11.4
    transitivePeerDependencies:
      - supports-color

  micromark-extension-gfm-strikethrough@0.6.5:
    dependencies:
      micromark: 2.11.4
    transitivePeerDependencies:
      - supports-color

  micromark-extension-gfm-table@0.4.3:
    dependencies:
      micromark: 2.11.4
    transitivePeerDependencies:
      - supports-color

  micromark-extension-gfm-tagfilter@0.3.0: {}

  micromark-extension-gfm-task-list-item@0.3.3:
    dependencies:
      micromark: 2.11.4
    transitivePeerDependencies:
      - supports-color

  micromark-extension-gfm@0.3.3:
    dependencies:
      micromark: 2.11.4
      micromark-extension-gfm-autolink-literal: 0.5.7
      micromark-extension-gfm-strikethrough: 0.6.5
      micromark-extension-gfm-table: 0.4.3
      micromark-extension-gfm-tagfilter: 0.3.0
      micromark-extension-gfm-task-list-item: 0.3.3
    transitivePeerDependencies:
      - supports-color

  micromark@2.11.4:
    dependencies:
      debug: 4.4.3
      parse-entities: 2.0.0
    transitivePeerDependencies:
      - supports-color

  minimatch@10.2.6:
    dependencies:
      brace-expansion: 5.0.9

  minipass@7.1.3: {}

  ms@2.1.3: {}

  neotraverse@0.6.18: {}

  node-localstorage@2.2.1:
    dependencies:
      write-file-atomic: 1.3.4

  normalize-package-data@6.0.2:
    dependencies:
      hosted-git-info: 7.0.2
      semver: 7.8.5
      validate-npm-package-license: 3.0.4

  optionator@0.9.4:
    dependencies:
      deep-is: 0.1.4
      fast-levenshtein: 2.0.6
      levn: 0.4.1
      prelude-ls: 1.2.1
      type-check: 0.4.0
      word-wrap: 1.2.5

  parse-entities@2.0.0:
    dependencies:
      character-entities: 1.2.4
      character-entities-legacy: 1.1.4
      character-reference-invalid: 1.1.4
      is-alphanumerical: 1.0.4
      is-decimal: 1.0.4
      is-hexadecimal: 1.0.4

  parse-json@8.3.0:
    dependencies:
      '@babel/code-frame': 7.29.7
      index-to-position: 1.2.0
      type-fest: 4.41.0

  parse5@5.1.1: {}

  path-scurry@2.0.2:
    dependencies:
      lru-cache: 11.5.2
      minipass: 7.1.3

  path-to-glob-pattern@2.0.1: {}

  picocolors@1.1.1: {}

  pluralize@2.0.0: {}

  prelude-ls@1.2.1: {}

  property-information@5.6.0:
    dependencies:
      xtend: 4.0.2

  qified@0.10.1:
    dependencies:
      hookified: 2.2.0

  rc-config-loader@4.1.4:
    dependencies:
      debug: 4.4.3
      js-yaml: 4.3.1
      json5: 2.2.3
      require-from-string: 2.0.2
    transitivePeerDependencies:
      - supports-color

  read-package-up@11.0.0:
    dependencies:
      find-up-simple: 1.0.1
      read-pkg: 9.0.1
      type-fest: 4.41.0

  read-pkg@9.0.1:
    dependencies:
      '@types/normalize-package-data': 2.4.4
      normalize-package-data: 6.0.2
      parse-json: 8.3.0
      type-fest: 4.41.0
      unicorn-magic: 0.1.0

  rehype-parse@6.0.2:
    dependencies:
      hast-util-from-parse5: 5.0.3
      parse5: 5.1.1
      xtend: 4.0.2

  remark-footnotes@3.0.0:
    dependencies:
      mdast-util-footnote: 0.1.7
      micromark-extension-footnote: 0.3.2
    transitivePeerDependencies:
      - supports-color

  remark-frontmatter@3.0.0:
    dependencies:
      mdast-util-frontmatter: 0.2.0
      micromark-extension-frontmatter: 0.2.2

  remark-gfm@1.0.0:
    dependencies:
      mdast-util-gfm: 0.1.2
      micromark-extension-gfm: 0.3.3
    transitivePeerDependencies:
      - supports-color

  remark-parse@9.0.0:
    dependencies:
      mdast-util-from-markdown: 0.8.5
    transitivePeerDependencies:
      - supports-color

  repeat-string@1.6.1: {}

  require-from-string@2.0.2: {}

  semver@7.8.5: {}

  slice-ansi@4.0.0:
    dependencies:
      ansi-styles: 4.3.0
      astral-regex: 2.0.0
      is-fullwidth-code-point: 3.0.0

  slide@1.1.6: {}

  space-separated-tokens@1.1.5: {}

  spdx-correct@3.2.0:
    dependencies:
      spdx-expression-parse: 3.0.1
      spdx-license-ids: 3.0.23

  spdx-exceptions@2.5.0: {}

  spdx-expression-parse@3.0.1:
    dependencies:
      spdx-exceptions: 2.5.0
      spdx-license-ids: 3.0.23

  spdx-license-ids@3.0.23: {}

  string-width@4.2.3:
    dependencies:
      emoji-regex: 8.0.0
      is-fullwidth-code-point: 3.0.0
      strip-ansi: 6.0.1

  strip-ansi@6.0.1:
    dependencies:
      ansi-regex: 5.0.1

  structured-source@4.0.0:
    dependencies:
      boundary: 2.0.0

  table@6.9.0:
    dependencies:
      ajv: 8.20.0
      lodash.truncate: 4.4.2
      slice-ansi: 4.0.0
      string-width: 4.2.3
      strip-ansi: 6.0.1

  text-table@0.2.0: {}

  textlint-util-to-string@3.3.4:
    dependencies:
      '@textlint/ast-node-types': 13.4.1
      rehype-parse: 6.0.2
      structured-source: 4.0.0
      unified: 8.4.2

  textlint@15.8.0:
    dependencies:
      '@modelcontextprotocol/server': 2.0.0
      '@textlint/ast-node-types': 15.8.0
      '@textlint/ast-traverse': 15.8.0
      '@textlint/config-loader': 15.8.0
      '@textlint/feature-flag': 15.8.0
      '@textlint/fixer-formatter': 15.8.0
      '@textlint/kernel': 15.8.0
      '@textlint/linter-formatter': 15.8.0
      '@textlint/module-interop': 15.8.0
      '@textlint/resolver': 15.8.0
      '@textlint/textlint-plugin-markdown': 15.8.0
      '@textlint/textlint-plugin-text': 15.8.0
      '@textlint/types': 15.8.0
      '@textlint/utils': 15.8.0
      debug: 4.4.3
      file-entry-cache: 10.1.4
      glob: 13.0.6
      md5: 2.3.0
      optionator: 0.9.4
      path-to-glob-pattern: 2.0.1
      rc-config-loader: 4.1.4
      read-package-up: 11.0.0
      structured-source: 4.0.0
      zod: 4.4.3
    transitivePeerDependencies:
      - supports-color

  trough@1.0.5: {}

  type-check@0.4.0:
    dependencies:
      prelude-ls: 1.2.1

  type-fest@4.41.0: {}

  unicorn-magic@0.1.0: {}

  unified@8.4.2:
    dependencies:
      '@types/unist': 2.0.11
      bail: 1.0.5
      extend: 3.0.2
      is-plain-obj: 2.1.0
      trough: 1.0.5
      vfile: 4.2.1

  unified@9.2.2:
    dependencies:
      '@types/unist': 2.0.11
      bail: 1.0.5
      extend: 3.0.2
      is-buffer: 2.0.5
      is-plain-obj: 2.1.0
      trough: 1.0.5
      vfile: 4.2.1

  unist-util-is@4.1.0: {}

  unist-util-stringify-position@2.0.3:
    dependencies:
      '@types/unist': 2.0.11

  unist-util-visit-parents@3.1.1:
    dependencies:
      '@types/unist': 2.0.11
      unist-util-is: 4.1.0

  validate-npm-package-license@3.0.4:
    dependencies:
      spdx-correct: 3.2.0
      spdx-expression-parse: 3.0.1

  vfile-message@2.0.4:
    dependencies:
      '@types/unist': 2.0.11
      unist-util-stringify-position: 2.0.3

  vfile@4.2.1:
    dependencies:
      '@types/unist': 2.0.11
      is-buffer: 2.0.5
      unist-util-stringify-position: 2.0.3
      vfile-message: 2.0.4

  web-namespaces@1.1.4: {}

  word-wrap@1.2.5: {}

  write-file-atomic@1.3.4:
    dependencies:
      graceful-fs: 4.2.11
      imurmurhash: 0.1.4
      slide: 1.1.6

  xtend@4.0.2: {}

  zlibjs@0.3.1: {}

  zod@4.4.3: {}

  zwitch@1.0.5: {}
