{
  "pins" : [
    {
      "identity" : "maplibre-gl-native-distribution",
      "kind" : "remoteSourceControl",
      "location" : "https://github.com/maplibre/maplibre-gl-native-distribution",
      "state" : {
        "revision" : "f609802247705d95e852e4e277e597aa88230e2b",
        "version" : "6.12.1"
      }
    }
  ],
  "version" : 2
}
