version = 1
revision = 3
requires-python = ">=3.11"

[[package]]
name = "et-xmlfile"
version = "2.0.0"
source = { registry = "https://pypi.org/simple" }
sdist = { url = "https://files.pythonhosted.org/packages/d3/38/af70d7ab1ae9d4da450eeec1fa3918940a5fafb9055e934af8d6eb0c2313/et_xmlfile-2.0.0.tar.gz", hash = "sha256:dab3f4764309081ce75662649be815c4c9081e88f0837825f90fd28317d4da54", size = 17234, upload-time = "2024-10-25T17:25:40.039Z" }
wheels = [
    { url = "https://files.pythonhosted.org/packages/c1/8b/5fe2cc11fee489817272089c4203e679c63b570a5aaeb18d852ae3cbba6a/et_xmlfile-2.0.0-py3-none-any.whl", hash = "sha256:7a91720bc756843502c3b7504c77b8fe44217c85c537d85037f0f536151b2caa", size = 18059, upload-time = "2024-10-25T17:25:39.051Z" },
]

[[package]]
name = "lml"
version = "0.2.0"
source = { registry = "https://pypi.org/simple" }
sdist = { url = "https://files.pythonhosted.org/packages/2e/33/8043c7050233e889df10365d32838b276fc51464cc70f9abbb97c92771d6/lml-0.2.0.tar.gz", hash = "sha256:8dd5afb4367a593d1cdb2144a05874cd9938f5266bebb0c9e1413200423c0d74", size = 41633, upload-time = "2025-03-16T11:56:44.381Z" }
wheels = [
    { url = "https://files.pythonhosted.org/packages/c8/da/c649f3d09155660bcc5bf4f7fb59effae968e4ffd872cdd738f0b6932400/lml-0.2.0-py2.py3-none-any.whl", hash = "sha256:20c80728189e46e8d986f5d0cdf6d83c493471fc25b1c31a8cb3fa96e80b58f8", size = 10846, upload-time = "2025-03-16T11:56:42.709Z" },
]

[[package]]
name = "openpyxl"
version = "3.1.5"
source = { registry = "https://pypi.org/simple" }
dependencies = [
    { name = "et-xmlfile" },
]
sdist = { url = "https://files.pythonhosted.org/packages/3d/f9/88d94a75de065ea32619465d2f77b29a0469500e99012523b91cc4141cd1/openpyxl-3.1.5.tar.gz", hash = "sha256:cf0e3cf56142039133628b5acffe8ef0c12bc902d2aadd3e0fe5878dc08d1050", size = 186464, upload-time = "2024-06-28T14:03:44.161Z" }
wheels = [
    { url = "https://files.pythonhosted.org/packages/c0/da/977ded879c29cbd04de313843e76868e6e13408a94ed6b987245dc7c8506/openpyxl-3.1.5-py2.py3-none-any.whl", hash = "sha256:5282c12b107bffeef825f4617dc029afaf41d0ea60823bbb665ef3079dc79de2", size = 250910, upload-time = "2024-06-28T14:03:41.161Z" },
]

[[package]]
name = "pyexcel"
version = "0.7.4"
source = { registry = "https://pypi.org/simple" }
dependencies = [
    { name = "lml" },
    { name = "pyexcel-io" },
    { name = "texttable" },
]
sdist = { url = "https://files.pythonhosted.org/packages/4a/fb/eb9753797b8680a3a1c428df8a55d917bc7ddf9f875abcc5831464b287a4/pyexcel-0.7.4.tar.gz", hash = "sha256:cbbdc60532bbb2a22fe4303e824aaa386ecf6dc514d1f87d1ad03a1385fee4bd", size = 821474, upload-time = "2025-10-25T09:28:47.96Z" }
wheels = [
    { url = "https://files.pythonhosted.org/packages/c3/0f/3ee16151da584e8c4f9528366cdf2ce9d2dc96f7180283c04d1b58aa8415/pyexcel-0.7.4-py2.py3-none-any.whl", hash = "sha256:4f287fe2cc81c1fb2c0cf7f2be018b98391229c3752fb35e7ea3d9713043f72d", size = 89352, upload-time = "2025-10-25T09:28:45.826Z" },
]

[[package]]
name = "pyexcel-io"
version = "0.6.7"
source = { registry = "https://pypi.org/simple" }
dependencies = [
    { name = "lml" },
]
sdist = { url = "https://files.pythonhosted.org/packages/ea/0e/2d8c933d560d290113cc8e6a354260758cdd356308f6fd3be5be5898784b/pyexcel_io-0.6.7.tar.gz", hash = "sha256:2c33d8df505e21a13bed585ac6ab7d30ec826a9f156b758394af5d22359bddb9", size = 75856, upload-time = "2024-11-09T14:35:04.079Z" }
wheels = [
    { url = "https://files.pythonhosted.org/packages/7d/95/44376fb9c5a8200167fc7beac640be3522f85c07297a810865c5ad3fe440/pyexcel_io-0.6.7-py2.py3-none-any.whl", hash = "sha256:add9f3c1489070ab0a3226bab7d23d4b84a364f5b44f3a14e2ce785ede88fcb3", size = 44476, upload-time = "2024-11-09T14:35:02.561Z" },
]

[[package]]
name = "pyexcel-xls"
version = "0.7.1"
source = { registry = "https://pypi.org/simple" }
dependencies = [
    { name = "pyexcel-io" },
    { name = "xlrd" },
    { name = "xlwt" },
]
sdist = { url = "https://files.pythonhosted.org/packages/84/b0/48a7e56fcc0e9b2ef566999a4c65e3b7807a16b62bfe67d62c6ac7077c4e/pyexcel_xls-0.7.1.tar.gz", hash = "sha256:0e8c598dc840f9216507f1c16975c18b06e36df09acd79bda1a9de2f9cad0761", size = 53873, upload-time = "2025-03-08T14:27:48.823Z" }
wheels = [
    { url = "https://files.pythonhosted.org/packages/af/41/80495879428132ba6b43c161def10e5a4dc787038d2f476f7547ecca9cc5/pyexcel_xls-0.7.1-py2.py3-none-any.whl", hash = "sha256:5fd1bc29a50ad7abf5e5d5b6b0dfa1f83e01a97dbb3e7a9dc8ef118d5b78b46a", size = 11653, upload-time = "2025-03-08T14:27:47Z" },
]

[[package]]
name = "pyexcel-xlsx"
version = "0.6.1"
source = { registry = "https://pypi.org/simple" }
dependencies = [
    { name = "openpyxl" },
    { name = "pyexcel-io" },
]
sdist = { url = "https://files.pythonhosted.org/packages/b0/a2/f54dd1f3c57c8a7fc7ac40bf96688f5725fd33becf104f1468ef284ffb4c/pyexcel_xlsx-0.6.1.tar.gz", hash = "sha256:80b7985d394b73abf5c52212027bbbc0c7f6090192bcbc76403f8672d74c7960", size = 77429, upload-time = "2025-03-05T07:35:42.341Z" }
wheels = [
    { url = "https://files.pythonhosted.org/packages/13/c6/d4f75ee10e7a9eee804c301bc369918bb33bbbeec17ddcd4d0225543ea83/pyexcel_xlsx-0.6.1-py2.py3-none-any.whl", hash = "sha256:c17d8c90ae6c2ae5672e469e6afe4336597e4ff479e5a93ba846ae46b7b80769", size = 9501, upload-time = "2025-03-05T07:35:39.919Z" },
]

[[package]]
name = "texttable"
version = "1.7.0"
source = { registry = "https://pypi.org/simple" }
sdist = { url = "https://files.pythonhosted.org/packages/1c/dc/0aff23d6036a4d3bf4f1d8c8204c5c79c4437e25e0ae94ffe4bbb55ee3c2/texttable-1.7.0.tar.gz", hash = "sha256:2d2068fb55115807d3ac77a4ca68fa48803e84ebb0ee2340f858107a36522638", size = 12831, upload-time = "2023-10-03T09:48:12.272Z" }
wheels = [
    { url = "https://files.pythonhosted.org/packages/24/99/4772b8e00a136f3e01236de33b0efda31ee7077203ba5967fcc76da94d65/texttable-1.7.0-py2.py3-none-any.whl", hash = "sha256:72227d592c82b3d7f672731ae73e4d1f88cd8e2ef5b075a7a7f01a23a3743917", size = 10768, upload-time = "2023-10-03T09:48:10.434Z" },
]

[[package]]
name = "xlrd"
version = "2.0.2"
source = { registry = "https://pypi.org/simple" }
sdist = { url = "https://files.pythonhosted.org/packages/07/5a/377161c2d3538d1990d7af382c79f3b2372e880b65de21b01b1a2b78691e/xlrd-2.0.2.tar.gz", hash = "sha256:08b5e25de58f21ce71dc7db3b3b8106c1fa776f3024c54e45b45b374e89234c9", size = 100167, upload-time = "2025-06-14T08:46:39.039Z" }
wheels = [
    { url = "https://files.pythonhosted.org/packages/1a/62/c8d562e7766786ba6587d09c5a8ba9f718ed3fa8af7f4553e8f91c36f302/xlrd-2.0.2-py2.py3-none-any.whl", hash = "sha256:ea762c3d29f4cca48d82df517b6d89fbce4db3107f9d78713e48cd321d5c9aa9", size = 96555, upload-time = "2025-06-14T08:46:37.766Z" },
]

[[package]]
name = "xls-to-csv"
version = "0.1.0"
source = { editable = "." }
dependencies = [
    { name = "openpyxl" },
    { name = "pyexcel" },
    { name = "pyexcel-xls" },
    { name = "pyexcel-xlsx" },
]

[package.metadata]
requires-dist = [
    { name = "openpyxl", specifier = ">=3.1.2" },
    { name = "pyexcel", specifier = ">=0.7.0" },
    { name = "pyexcel-xls", specifier = ">=0.7.0" },
    { name = "pyexcel-xlsx", specifier = ">=0.6.0" },
]

[[package]]
name = "xlwt"
version = "1.3.0"
source = { registry = "https://pypi.org/simple" }
sdist = { url = "https://files.pythonhosted.org/packages/06/97/56a6f56ce44578a69343449aa5a0d98eefe04085d69da539f3034e2cd5c1/xlwt-1.3.0.tar.gz", hash = "sha256:c59912717a9b28f1a3c2a98fd60741014b06b043936dcecbc113eaaada156c88", size = 153929, upload-time = "2017-08-22T06:47:16.498Z" }
wheels = [
    { url = "https://files.pythonhosted.org/packages/44/48/def306413b25c3d01753603b1a222a011b8621aed27cd7f89cbc27e6b0f4/xlwt-1.3.0-py2.py3-none-any.whl", hash = "sha256:a082260524678ba48a297d922cc385f58278b8aa68741596a87de01a9c628b2e", size = 99981, upload-time = "2017-08-22T06:47:15.281Z" },
]
