{
  "originHash" : "76c6d2eb9f82207aa5138e89007c2a76a6ab761b48bf1fda29403e693eb004bd",
  "pins" : [
    {
      "identity" : "maplibre-gl-native-distribution",
      "kind" : "remoteSourceControl",
      "location" : "https://github.com/maplibre/maplibre-gl-native-distribution",
      "state" : {
        "revision" : "f609802247705d95e852e4e277e597aa88230e2b",
        "version" : "6.12.1"
      }
    }
  ],
  "version" : 3
}
