{
  "originHash" : "83ffce27527b281518faad7eba754e9f0ce57b67740a62356e3d9b6ced46e1b2",
  "pins" : [
    {
      "identity" : "gzipswift",
      "kind" : "remoteSourceControl",
      "location" : "https://github.com/1024jp/GzipSwift",
      "state" : {
        "revision" : "731037f6cc2be2ec01562f6597c1d0aa3fe6fd05",
        "version" : "6.0.1"
      }
    }
  ],
  "version" : 3
}
